// !$*UTF8*$!
{
	archiveVersion = 1;
	classes = {
	};
	objectVersion = 54;
	objects = {

/* Begin PBXBuildFile section */
		036162043049C999AFA8F132 /* MetalBufferingMode.swift in Sources */ = {isa = PBXBuildFile; fileRef = ADD221396695D5D0FEC4DDCD /* MetalBufferingMode.swift */; };
		039AD4EA3F8D2FD7584C73F3 /* PetPackageInstaller.swift in Sources */ = {isa = PBXBuildFile; fileRef = 5D5DD770755413D5F786BD2D /* PetPackageInstaller.swift */; };
		09130AA79B13CABC8182A612 /* TerminalViewDelegate.swift in Sources */ = {isa = PBXBuildFile; fileRef = FB55CAB21AB3D23E9C9A691C /* TerminalViewDelegate.swift */; };
		09ECA2DB81AE1248DBE2CB33 /* BrowserPetViews.swift in Sources */ = {isa = PBXBuildFile; fileRef = C781BA00117D4F76FF1D7CC1 /* BrowserPetViews.swift */; };
		0D7EB0989E6C985297698E4D /* ExtensionsTerminal.swift in Sources */ = {isa = PBXBuildFile; fileRef = 16F8B7DA566FC7DD5E7FF012 /* ExtensionsTerminal.swift */; };
		0DA043A90F08CBE37E1C2A35 /* BrowserPetDomain.swift in Sources */ = {isa = PBXBuildFile; fileRef = 974CA01B4BBFBE607139B67D /* BrowserPetDomain.swift */; };
		0EC376402A7B0B8BCB3F23D7 /* TerminalViews.swift in Sources */ = {isa = PBXBuildFile; fileRef = DC753DDE4B717DA58749B2D9 /* TerminalViews.swift */; };
		A1F801012B700001A1F80101 /* TerminalPreferences.swift in Sources */ = {isa = PBXBuildFile; fileRef = A1F801022B700001A1F80102 /* TerminalPreferences.swift */; };
		A1F801032B700001A1F80103 /* D2Coding-Ver1.3.2-20180524.ttf in Resources */ = {isa = PBXBuildFile; fileRef = A1F801042B700001A1F80104 /* D2Coding-Ver1.3.2-20180524.ttf */; };
		A1F801052B700001A1F80105 /* D2Coding-OFL.txt in Resources */ = {isa = PBXBuildFile; fileRef = A1F801062B700001A1F80106 /* D2Coding-OFL.txt */; };
		0ED269499E57DAD547B77C15 /* TmuxDiscovery.swift in Sources */ = {isa = PBXBuildFile; fileRef = 9267CB0334C5176E156536BA /* TmuxDiscovery.swift */; };
		10BE6616AF00AF5D97AB7993 /* WorkspaceCanvas.swift in Sources */ = {isa = PBXBuildFile; fileRef = 54AC9820475A8606F77F278C /* WorkspaceCanvas.swift */; };
		11068D9092B7F1887AD4EFA8 /* SwiftTerm.framework in Frameworks */ = {isa = PBXBuildFile; fileRef = 7A7D2E13F2EBFF6C4D53BA3B /* SwiftTerm.framework */; };
		13F04ED13475D8A2E6123D02 /* BrowserPetStoreTests.swift in Sources */ = {isa = PBXBuildFile; fileRef = DBB641AE5D7B51BA2AE3F82C /* BrowserPetStoreTests.swift */; };
		13F74C94A35F813FFB6F000A /* NIOSSH in Frameworks */ = {isa = PBXBuildFile; productRef = 09B8A425AB7709AFDA1BAE24 /* NIOSSH */; };
		15AF014114203299D1468A93 /* SixelDcsHandler.swift in Sources */ = {isa = PBXBuildFile; fileRef = 5BE75992DC7B2910AC802F05 /* SixelDcsHandler.swift */; };
		1628DADC827F75217EF0CDBD /* TerminalDomainTests.swift in Sources */ = {isa = PBXBuildFile; fileRef = 30CF53F30C6945C373A949E0 /* TerminalDomainTests.swift */; };
		180C3DE8D65E0026248FF452 /* ContentBlocker in Resources */ = {isa = PBXBuildFile; fileRef = 76AAB5BA72C4109EA249C845 /* ContentBlocker */; };
		1A9433E8D301E3B724376284 /* THIRD_PARTY_NOTICES.md in Resources */ = {isa = PBXBuildFile; fileRef = 0EB5E57BB8D552E8F99586B1 /* THIRD_PARTY_NOTICES.md */; };
		1D3188D0864573F60BF88A50 /* WorkspaceBrowserStoreTests.swift in Sources */ = {isa = PBXBuildFile; fileRef = 31227480FAA8C9D5742D8C91 /* WorkspaceBrowserStoreTests.swift */; };
		1EE541278832B3BC44A8DB50 /* DeveloperConsoleSelectionTests.swift in Sources */ = {isa = PBXBuildFile; fileRef = 687F2A4ABBD2958BD9BDC95F /* DeveloperConsoleSelectionTests.swift */; };
		1F2D5C44841E344241ABA9DB /* PetPackageInstallerTests.swift in Sources */ = {isa = PBXBuildFile; fileRef = 3EDD1E2ED6953479A188FE94 /* PetPackageInstallerTests.swift */; };
		209906C0E68E95207C1BC91B /* CodexPetGallery.swift in Sources */ = {isa = PBXBuildFile; fileRef = 8E8C066214FFED07DF21E64A /* CodexPetGallery.swift */; };
		23B949BA78D22AF1C2DCD584 /* NIOCore in Frameworks */ = {isa = PBXBuildFile; productRef = C6D142646118722FABC1C571 /* NIOCore */; };
		24B1FCE4230D316B6DFE61BC /* BrowserSidebar.swift in Sources */ = {isa = PBXBuildFile; fileRef = 69DC28D43617D04241154B62 /* BrowserSidebar.swift */; };
		272AFE1848030117CC6DE28A /* TerminalWorkspaceStoreTests.swift in Sources */ = {isa = PBXBuildFile; fileRef = 5B08694075CA2588F6569399 /* TerminalWorkspaceStoreTests.swift */; };
		2D726D464AD6630E00C948F9 /* TabOverviewStrip.swift in Sources */ = {isa = PBXBuildFile; fileRef = E582E28F41FB2673076B6F39 /* TabOverviewStrip.swift */; };
		2E10FCB5593192C67AF09C8D /* SyncDebug.swift in Sources */ = {isa = PBXBuildFile; fileRef = FE0EE1CA652E854DE995B84B /* SyncDebug.swift */; };
		30D214C569DD43E2A64B5C4C /* Citadel in Frameworks */ = {isa = PBXBuildFile; productRef = 1EB5242642996E2916F0929E /* Citadel */; };
		36E23F3B9E7CFCB6AB70A4BE /* SearchEngine.swift in Sources */ = {isa = PBXBuildFile; fileRef = 511BB111A438318E94A690E8 /* SearchEngine.swift */; };
		3966CFF8B70C1C7B8925B08E /* iOSKeyboardView.swift in Sources */ = {isa = PBXBuildFile; fileRef = DA115536BEADBC10EFB6ED4E /* iOSKeyboardView.swift */; };
		3C91DAF19509F4DEA606CA3D /* SwiftUITerminalView.swift in Sources */ = {isa = PBXBuildFile; fileRef = 61CB64EB86FB453B905A7247 /* SwiftUITerminalView.swift */; };
		3F86F42E784950B99354CDAF /* StartPage.swift in Sources */ = {isa = PBXBuildFile; fileRef = E47D59654E4866EE6597AE78 /* StartPage.swift */; };
		404F4C03BFA80564EDB2149C /* TerminalProgressBarView.swift in Sources */ = {isa = PBXBuildFile; fileRef = DB657F3A70713FCF5C75816A /* TerminalProgressBarView.swift */; };
		42426C2B36499B97C6D65E33 /* Colors.swift in Sources */ = {isa = PBXBuildFile; fileRef = C9CB1EB00539D0BC7EDF094F /* Colors.swift */; };
		462B790664DDA859492EE94E /* Utilities.swift in Sources */ = {isa = PBXBuildFile; fileRef = 49D1FD6D3B3854B57F08A162 /* Utilities.swift */; };
		46315B3BD4AFE8600173EDF4 /* HeadlessTerminal.swift in Sources */ = {isa = PBXBuildFile; fileRef = 90D83366CFD25898C8F9DC4E /* HeadlessTerminal.swift */; };
		4649CBBF64852D190FC0EE07 /* BrowserTheme.swift in Sources */ = {isa = PBXBuildFile; fileRef = 2E62CC413C6939C23D143568 /* BrowserTheme.swift */; };
		48D43A4BA5CCC87FAD58A4F5 /* MetalError.swift in Sources */ = {isa = PBXBuildFile; fileRef = F03337DB1F2B450FB8E35B11 /* MetalError.swift */; };
		4A9E545EF20E6C7DC6930D8F /* SwiftTermHangulInput.swift in Sources */ = {isa = PBXBuildFile; fileRef = FB2A25BB0177EE94F2351D94 /* SwiftTermHangulInput.swift */; };
		4CB5011CF2E36DDB6CE25782 /* iOSDoubleButton.swift in Sources */ = {isa = PBXBuildFile; fileRef = 37BA1809D08974BCE2D5CC95 /* iOSDoubleButton.swift */; };
		4CDC91C7551479020AEDCAFD /* SearchLineCache.swift in Sources */ = {isa = PBXBuildFile; fileRef = C0A940456A9D8A64A7CD8469 /* SearchLineCache.swift */; };
		4D03E1EE72A15CF608AFE854 /* RetoBrowserApp.swift in Sources */ = {isa = PBXBuildFile; fileRef = FED20B93AED64F96EC46DCF9 /* RetoBrowserApp.swift */; };
		4D6D16534371870A0227AAAA /* SearchService.swift in Sources */ = {isa = PBXBuildFile; fileRef = 38DD0EEC786F200CB174F826 /* SearchService.swift */; };
		4F361B5A1DC8F4E577FBCB18 /* BrowserServices.swift in Sources */ = {isa = PBXBuildFile; fileRef = 9EA8C08E41B56462DB96EF08 /* BrowserServices.swift */; };
		537EA4703146E7DB963574BE /* CompactCommandBar.swift in Sources */ = {isa = PBXBuildFile; fileRef = EA43ADC514C59A8CD8EC0CE2 /* CompactCommandBar.swift */; };
		540C355E1F315D5E8F774F66 /* BrowserIntents.swift in Sources */ = {isa = PBXBuildFile; fileRef = 638104BDFE5833E560578D06 /* BrowserIntents.swift */; };
		562EDE2FB4283A364679E80C /* CharSets.swift in Sources */ = {isa = PBXBuildFile; fileRef = 4064620C8AA14E024652734A /* CharSets.swift */; };
		5998640A18B10DA181C14BA7 /* BrowserFeatureSheets.swift in Sources */ = {isa = PBXBuildFile; fileRef = BBF832F611E5B59194C0B85F /* BrowserFeatureSheets.swift */; };
		5DD29BE246AED50A710FD781 /* BrowserSession.swift in Sources */ = {isa = PBXBuildFile; fileRef = 147203FB2788D8170DDC8708 /* BrowserSession.swift */; };
		5E9B42A2799BB5BF84CE58B0 /* BrowserAI.swift in Sources */ = {isa = PBXBuildFile; fileRef = AA6BC4A8C3E184243F31C84A /* BrowserAI.swift */; };
		5F16D2C699A70700E0060E3F /* DeveloperConsoleSelection.swift in Sources */ = {isa = PBXBuildFile; fileRef = 8C9F54DF5758A09A0BFC707C /* DeveloperConsoleSelection.swift */; };
		666F9ABBDB636D2FA1A9DD4D /* EscapeSequenceParser.swift in Sources */ = {isa = PBXBuildFile; fileRef = 9AA566ADA1BFEDE498A89FE5 /* EscapeSequenceParser.swift */; };
		70BF441CB955888F1234E70B /* iOSCaretView.swift in Sources */ = {isa = PBXBuildFile; fileRef = 7F325E1888BF226E73377BDF /* iOSCaretView.swift */; };
		72FCEB6A947778E538C3DE33 /* KittyKeyboardEncoder.swift in Sources */ = {isa = PBXBuildFile; fileRef = 4EE71368F175A89BC67E7CCB /* KittyKeyboardEncoder.swift */; };
		765F1EB7C954337BEE6E61E2 /* SelectionService.swift in Sources */ = {isa = PBXBuildFile; fileRef = BD1829AB95B6E3F4A4133466 /* SelectionService.swift */; };
		781CCA1E0322DE9CA6D905E7 /* libssh2-COPYING in Resources */ = {isa = PBXBuildFile; fileRef = 0FDCFFCC2AC50A4E2B78A6E6 /* libssh2-COPYING */; };
		7A300BA510AEC3A4FA64906E /* TabOverviewLayoutTests.swift in Sources */ = {isa = PBXBuildFile; fileRef = 741D9D878D805907C0F13DB3 /* TabOverviewLayoutTests.swift */; };
		7A366BF1523297A52C117312 /* KittyGraphics.swift in Sources */ = {isa = PBXBuildFile; fileRef = 2B6643B730C4952B1CE03459 /* KittyGraphics.swift */; };
		7BA94A03EEA39335ADC900B6 /* Assets.xcassets in Resources */ = {isa = PBXBuildFile; fileRef = 2B2399800AEADF600564EA7F /* Assets.xcassets */; };
		7C77B7AE9F3E9E4FDF678C6D /* BrowserURL.swift in Sources */ = {isa = PBXBuildFile; fileRef = 18C6450CAAE4AE6E66F83F0C /* BrowserURL.swift */; };
		7E20F38FC8510BC542EA8952 /* SearchOptions.swift in Sources */ = {isa = PBXBuildFile; fileRef = 98CAB3CD2CBD7D0EB6D37042 /* SearchOptions.swift */; };
		7F5268FDFC0DCB25587A9324 /* KittyKeyboardProtocol.swift in Sources */ = {isa = PBXBuildFile; fileRef = A5B6886D06C83BDDACE77CB3 /* KittyKeyboardProtocol.swift */; };
		7F6EC3C881C516D46E46DD86 /* MetalTerminalRenderer.swift in Sources */ = {isa = PBXBuildFile; fileRef = 3E4FEB76BD344AE50062B4E7 /* MetalTerminalRenderer.swift */; };
		80335020916F73EF6F02428D /* GlassStyle.swift in Sources */ = {isa = PBXBuildFile; fileRef = E5BAE7EDB419909E817CD5B5 /* GlassStyle.swift */; };
		8322382B383EE92DE7D380EB /* AddressDisplay.swift in Sources */ = {isa = PBXBuildFile; fileRef = A0D13CDC8FF090A7B315BA29 /* AddressDisplay.swift */; };
		835B3F821F5EBA1901FE13C4 /* openssl-LICENSE.txt in Resources */ = {isa = PBXBuildFile; fileRef = 2452F97F88FD15E4F20E5DC4 /* openssl-LICENSE.txt */; };
		83786707C97DC8BE9D0790B3 /* IslandChrome.swift in Sources */ = {isa = PBXBuildFile; fileRef = 82DABE2892E28C442B2645EC /* IslandChrome.swift */; };
		863D6B2452E354BC3D5B3D5F /* TerminalOptions.swift in Sources */ = {isa = PBXBuildFile; fileRef = D895AF82314550F7E2B645E1 /* TerminalOptions.swift */; };
		8991A8E8862EAA925FD96030 /* AddressDisplayTests.swift in Sources */ = {isa = PBXBuildFile; fileRef = 99C569B186891F35AD9EF704 /* AddressDisplayTests.swift */; };
		8AD7CB5911C977527CAB9CFF /* Pty.swift in Sources */ = {isa = PBXBuildFile; fileRef = 5C7B658BEDA33954A97A5614 /* Pty.swift */; };
		8B714BB8AECF8083A012CFB6 /* SSHConnectionEngine.swift in Sources */ = {isa = PBXBuildFile; fileRef = 60761E9E5D9A7466863FD990 /* SSHConnectionEngine.swift */; };
		930755158884CEFFF0109988 /* TerminalWorkspaceStore.swift in Sources */ = {isa = PBXBuildFile; fileRef = 3EAFB2C0EA71F2A2338A6649 /* TerminalWorkspaceStore.swift */; };
		96B34DBB6075BA229461D2FC /* MacAccessibilityService.swift in Sources */ = {isa = PBXBuildFile; fileRef = 3562AAD581610DA6A4CF53DC /* MacAccessibilityService.swift */; };
		96DC3ACD11CC770915031CD9 /* Extensions.swift in Sources */ = {isa = PBXBuildFile; fileRef = 3F17A28F6B2E383E53F03EDF /* Extensions.swift */; };
		9C38B1A0F4D0A55E1BC90EC1 /* BlockElementRenderer.swift in Sources */ = {isa = PBXBuildFile; fileRef = CD59146E5B1C89E1FBA10AD4 /* BlockElementRenderer.swift */; };
		9E92D7825A65915A622DC512 /* BufferLine.swift in Sources */ = {isa = PBXBuildFile; fileRef = 702FAA944D825AA2E08AA0E7 /* BufferLine.swift */; };
		A07A5904EE1567DB217EEE98 /* BrowserDomain.swift in Sources */ = {isa = PBXBuildFile; fileRef = A88E9CCBFE1D835E9B947E07 /* BrowserDomain.swift */; };
		A534FA803B887D551A153DA1 /* KittyPlaceholder.swift in Sources */ = {isa = PBXBuildFile; fileRef = 7FF48E20735298858427B19B /* KittyPlaceholder.swift */; };
		A883CEEDF1DD3AC875EB287D /* TerminalViewSearch.swift in Sources */ = {isa = PBXBuildFile; fileRef = 7127948B0ED95E326D91A2AE /* TerminalViewSearch.swift */; };
		A973E0EFB7BA4870B3DAC5C3 /* PetScrapsTests.swift in Sources */ = {isa = PBXBuildFile; fileRef = 58905C156BE9AB360F5B826F /* PetScrapsTests.swift */; };
		ABC320191463BCA6904E49B4 /* iOSTerminalView.swift in Sources */ = {isa = PBXBuildFile; fileRef = BA248B6D023BD62C248FEF4D /* iOSTerminalView.swift */; };
		AD2140D919333F9AF32BDE54 /* SSHIntegrationTests.swift in Sources */ = {isa = PBXBuildFile; fileRef = 7BF34C9A9D10A0BEA724EF65 /* SSHIntegrationTests.swift */; };
		AFB499E444FB274767DD5CF8 /* iOSTextInput.swift in Sources */ = {isa = PBXBuildFile; fileRef = F0D233C1EAA9280A28B83363 /* iOSTextInput.swift */; };
		B62E5D894713143F4FDD686E /* LibSSH2ConnectionEngine.swift in Sources */ = {isa = PBXBuildFile; fileRef = 4F14E42B6CA60D4F2478CC50 /* LibSSH2ConnectionEngine.swift */; };
		BC1191406F6CC64D7B4BA9B0 /* Terminal.swift in Sources */ = {isa = PBXBuildFile; fileRef = 54C0F288C4362702C80271D5 /* Terminal.swift */; };
		BC5076BC9F191FA1031FA4E6 /* BrowserComponents.swift in Sources */ = {isa = PBXBuildFile; fileRef = D24534C241E5E6249E8B5C70 /* BrowserComponents.swift */; };
		BC6C70C23134A5431872EF44 /* CommandPalette.swift in Sources */ = {isa = PBXBuildFile; fileRef = C690A36D0F99E007145AAC8D /* CommandPalette.swift */; };
		BE07645CEE951325C88B0CF4 /* Position.swift in Sources */ = {isa = PBXBuildFile; fileRef = 40EA58728CD77AD5A3510A67 /* Position.swift */; };
		BE0CEB387A80F334760B236B /* SearchState.swift in Sources */ = {isa = PBXBuildFile; fileRef = 4C932FA1168716CF7666BCB0 /* SearchState.swift */; };
		C2C0B2E367D8938BCE721F54 /* WorkspaceBrowserStore.swift in Sources */ = {isa = PBXBuildFile; fileRef = D9D3A41FA65D25FB4FCA1212 /* WorkspaceBrowserStore.swift */; };
		C43730DA812C63BFAB634E55 /* TmuxSessionBrowserView.swift in Sources */ = {isa = PBXBuildFile; fileRef = 6847323DFF7381A8053AD5CD /* TmuxSessionBrowserView.swift */; };
		CD1EE2EB9CB4B8F3E3DC62D9 /* iOSAccessoryView.swift in Sources */ = {isa = PBXBuildFile; fileRef = 5A788E7321613809D06E2C16 /* iOSAccessoryView.swift */; };
		CD3DFBA00439C3260BE3CDDF /* CaretView.swift in Sources */ = {isa = PBXBuildFile; fileRef = 3E96A19E4766EBDCE9C5A177 /* CaretView.swift */; };
		CE07942FBE109AA31847C68F /* EscapeSequences.swift in Sources */ = {isa = PBXBuildFile; fileRef = 903451405A50A2556E26E1C2 /* EscapeSequences.swift */; };
		CE2047EA2DC073307E831A38 /* KeychainSSHProfileVault.swift in Sources */ = {isa = PBXBuildFile; fileRef = D70C03A7747FD76E27320880 /* KeychainSSHProfileVault.swift */; };
		D201F18F4354728D9E23B9D8 /* BrowserURLTests.swift in Sources */ = {isa = PBXBuildFile; fileRef = 2309423B94E7C5BB22B3B9AD /* BrowserURLTests.swift */; };
		D5B380475E73A0F69285D5BE /* BoxDrawingRenderer.swift in Sources */ = {isa = PBXBuildFile; fileRef = CA54BFB1B1E3D3FB523670DA /* BoxDrawingRenderer.swift */; };
		D5F5F582FDF07AF83E0191E6 /* File.swift in Sources */ = {isa = PBXBuildFile; fileRef = 991C3D11A599BC08FBA5E9DD /* File.swift */; };
		D6C9FD15946912A2A355A52B /* BrowserManagementSheet.swift in Sources */ = {isa = PBXBuildFile; fileRef = DC415AEF51BC4CB209DE5DF0 /* BrowserManagementSheet.swift */; };
		D6DFD1374EF934C1F4A269B2 /* ContentBlockerTests.swift in Sources */ = {isa = PBXBuildFile; fileRef = 3EAB4D4A57283BDFBCE99F6E /* ContentBlockerTests.swift */; };
		D7D8EE8995B180832241C65D /* TerminalDomain.swift in Sources */ = {isa = PBXBuildFile; fileRef = 18EB7899ACD4293BD0CEBEC1 /* TerminalDomain.swift */; };
		DA27A3A7CBEAF4816FCA53B3 /* BrowserIntentRouter.swift in Sources */ = {isa = PBXBuildFile; fileRef = 77DC4D3BA840E50C206C9879 /* BrowserIntentRouter.swift */; };
		DB39621335AB728B534C16C1 /* Buffer.swift in Sources */ = {isa = PBXBuildFile; fileRef = 39957BAEBF6BF0F6610EC9C3 /* Buffer.swift */; };
		DFA06E934336FE1D2840ECE2 /* GlyphAtlas.swift in Sources */ = {isa = PBXBuildFile; fileRef = 76D3D24E1C549AB8479A99E3 /* GlyphAtlas.swift */; };
		E0440316560B66DBA6057286 /* Foundation.framework in Frameworks */ = {isa = PBXBuildFile; fileRef = 4C0CBB7D7E124A9C39F8FBA2 /* Foundation.framework */; };
		E5A1B4D3CD2D9B0781011C30 /* CoreTextGlyphRasterizer.swift in Sources */ = {isa = PBXBuildFile; fileRef = 6474176B51F13C1B7B4FB2EC /* CoreTextGlyphRasterizer.swift */; };
		E65D8EAE4D99AC792B83D559 /* Foundation.framework in Frameworks */ = {isa = PBXBuildFile; fileRef = 4C0CBB7D7E124A9C39F8FBA2 /* Foundation.framework */; };
		E7377A487C4412E66415EB58 /* CharData.swift in Sources */ = {isa = PBXBuildFile; fileRef = 3160DA103906340038664430 /* CharData.swift */; };
		EBE67772EDC25FEDAD41ADB6 /* iOSTextStorage.swift in Sources */ = {isa = PBXBuildFile; fileRef = DA2BE858F0D5981A064EFD22 /* iOSTextStorage.swift */; };
		EE1CE198413525383F238C68 /* SSHCommandRunner.swift in Sources */ = {isa = PBXBuildFile; fileRef = 215175687C0C2E908A576CDD /* SSHCommandRunner.swift */; };
		EECA8E81E43E6BEF947F81BF /* AppleTerminalView.swift in Sources */ = {isa = PBXBuildFile; fileRef = 5B3EE52BE4E04AC11EC4E124 /* AppleTerminalView.swift */; };
		EFBD2045CA6388E38802BC22 /* CSSH.xcframework in Frameworks */ = {isa = PBXBuildFile; fileRef = 4DE0E5EC8B9D1AC7A85E0389 /* CSSH.xcframework */; };
		EFD9E66B4C5F396A291A5082 /* BufferSet.swift in Sources */ = {isa = PBXBuildFile; fileRef = 2AAB2C380FEB1E6DEEFA28E0 /* BufferSet.swift */; };
		F0F8A044EC324CED8444170C /* CircularList.swift in Sources */ = {isa = PBXBuildFile; fileRef = 1B12BE060A8741E544D05FED /* CircularList.swift */; };
		F1628E4C21E47AAE14167BC2 /* BrowserView.swift in Sources */ = {isa = PBXBuildFile; fileRef = 02C05B4A0E14BF888F07F587 /* BrowserView.swift */; };
		F2AD1C34C8D16E8B7D4146C2 /* iOSExtensions.swift in Sources */ = {isa = PBXBuildFile; fileRef = 22A622C511D98FCBD7443F38 /* iOSExtensions.swift */; };
		F2B443F6EA7BED1C7C06E301 /* PetScraps.swift in Sources */ = {isa = PBXBuildFile; fileRef = AB9FBA4105B7DFBB7DA0ABDA /* PetScraps.swift */; };
		F41E5D4673535EE2AFFBB317 /* TmuxDiscoveryTests.swift in Sources */ = {isa = PBXBuildFile; fileRef = 0FA3CC164637A25745C57AD7 /* TmuxDiscoveryTests.swift */; };
		F4E864CF95DCFFEAE8FD5126 /* Pets in Resources */ = {isa = PBXBuildFile; fileRef = C8F8914BBFB8FA647EDCDDEA /* Pets */; };
		F6E7860B3467F7E4EDE0BC71 /* BrowserAIStoreTests.swift in Sources */ = {isa = PBXBuildFile; fileRef = BA5E7BF438ACC06BDB9EBDED /* BrowserAIStoreTests.swift */; };
		F6E8C3F784FC4C043C89B5F2 /* Line.swift in Sources */ = {isa = PBXBuildFile; fileRef = 9D878D85CDD30F46B7D0924B /* Line.swift */; };
		FAAA20FBC2F95D5D3DF54B82 /* LocalProcess.swift in Sources */ = {isa = PBXBuildFile; fileRef = 971EA6B41FA755A547E68F83 /* LocalProcess.swift */; };
		FAB57D81C95CEFAF4A1F4AB0 /* UnicodeWidthData.swift in Sources */ = {isa = PBXBuildFile; fileRef = 0EFBC07F56A3D4717097B1DB /* UnicodeWidthData.swift */; };
		FF30F438B02DA45451CD13DB /* Foundation.framework in Frameworks */ = {isa = PBXBuildFile; fileRef = 4C0CBB7D7E124A9C39F8FBA2 /* Foundation.framework */; };
/* End PBXBuildFile section */

/* Begin PBXContainerItemProxy section */
		C6A54164F6B22A341A4D2E68 /* PBXContainerItemProxy */ = {
			isa = PBXContainerItemProxy;
			containerPortal = 03B86ABABAF1BA591541E31A /* Project object */;
			proxyType = 1;
			remoteGlobalIDString = 2468BB31F3BA858FB44F48FB;
			remoteInfo = RetoBrowser;
		};
		DC2398E99887DD838FF66EAE /* PBXContainerItemProxy */ = {
			isa = PBXContainerItemProxy;
			containerPortal = 03B86ABABAF1BA591541E31A /* Project object */;
			proxyType = 1;
			remoteGlobalIDString = 880666362929DCFE3B1E3069;
			remoteInfo = SwiftTerm;
		};
/* End PBXContainerItemProxy section */

/* Begin PBXFileReference section */
		02C05B4A0E14BF888F07F587 /* BrowserView.swift */ = {isa = PBXFileReference; includeInIndex = 1; lastKnownFileType = sourcecode.swift; path = BrowserView.swift; sourceTree = "<group>"; };
		0EB5E57BB8D552E8F99586B1 /* THIRD_PARTY_NOTICES.md */ = {isa = PBXFileReference; includeInIndex = 1; lastKnownFileType = net.daringfireball.markdown; path = THIRD_PARTY_NOTICES.md; sourceTree = "<group>"; };
		0EFBC07F56A3D4717097B1DB /* UnicodeWidthData.swift */ = {isa = PBXFileReference; includeInIndex = 1; lastKnownFileType = sourcecode.swift; path = UnicodeWidthData.swift; sourceTree = "<group>"; };
		0FA3CC164637A25745C57AD7 /* TmuxDiscoveryTests.swift */ = {isa = PBXFileReference; includeInIndex = 1; lastKnownFileType = sourcecode.swift; path = TmuxDiscoveryTests.swift; sourceTree = "<group>"; };
		0FDCFFCC2AC50A4E2B78A6E6 /* libssh2-COPYING */ = {isa = PBXFileReference; includeInIndex = 1; lastKnownFileType = text; name = "libssh2-COPYING"; path = "licenses/libssh2-COPYING"; sourceTree = "<group>"; };
		147203FB2788D8170DDC8708 /* BrowserSession.swift */ = {isa = PBXFileReference; includeInIndex = 1; lastKnownFileType = sourcecode.swift; path = BrowserSession.swift; sourceTree = "<group>"; };
		16F8B7DA566FC7DD5E7FF012 /* ExtensionsTerminal.swift */ = {isa = PBXFileReference; includeInIndex = 1; lastKnownFileType = sourcecode.swift; path = ExtensionsTerminal.swift; sourceTree = "<group>"; };
		18C6450CAAE4AE6E66F83F0C /* BrowserURL.swift */ = {isa = PBXFileReference; includeInIndex = 1; lastKnownFileType = sourcecode.swift; path = BrowserURL.swift; sourceTree = "<group>"; };
		18EB7899ACD4293BD0CEBEC1 /* TerminalDomain.swift */ = {isa = PBXFileReference; includeInIndex = 1; lastKnownFileType = sourcecode.swift; path = TerminalDomain.swift; sourceTree = "<group>"; };
		A1F801022B700001A1F80102 /* TerminalPreferences.swift */ = {isa = PBXFileReference; includeInIndex = 1; lastKnownFileType = sourcecode.swift; path = TerminalPreferences.swift; sourceTree = "<group>"; };
		A1F801042B700001A1F80104 /* D2Coding-Ver1.3.2-20180524.ttf */ = {isa = PBXFileReference; includeInIndex = 1; lastKnownFileType = file; path = "Fonts/D2Coding/D2Coding-Ver1.3.2-20180524.ttf"; sourceTree = "<group>"; };
		A1F801062B700001A1F80106 /* D2Coding-OFL.txt */ = {isa = PBXFileReference; includeInIndex = 1; lastKnownFileType = text; name = "D2Coding-OFL.txt"; path = "Fonts/D2Coding/OFL.txt"; sourceTree = "<group>"; };
		1B12BE060A8741E544D05FED /* CircularList.swift */ = {isa = PBXFileReference; includeInIndex = 1; lastKnownFileType = sourcecode.swift; path = CircularList.swift; sourceTree = "<group>"; };
		215175687C0C2E908A576CDD /* SSHCommandRunner.swift */ = {isa = PBXFileReference; includeInIndex = 1; lastKnownFileType = sourcecode.swift; path = SSHCommandRunner.swift; sourceTree = "<group>"; };
		22A622C511D98FCBD7443F38 /* iOSExtensions.swift */ = {isa = PBXFileReference; includeInIndex = 1; lastKnownFileType = sourcecode.swift; name = iOSExtensions.swift; path = iOS/iOSExtensions.swift; sourceTree = "<group>"; };
		2309423B94E7C5BB22B3B9AD /* BrowserURLTests.swift */ = {isa = PBXFileReference; includeInIndex = 1; lastKnownFileType = sourcecode.swift; path = BrowserURLTests.swift; sourceTree = "<group>"; };
		2452F97F88FD15E4F20E5DC4 /* openssl-LICENSE.txt */ = {isa = PBXFileReference; includeInIndex = 1; lastKnownFileType = text; name = "openssl-LICENSE.txt"; path = "licenses/openssl-LICENSE.txt"; sourceTree = "<group>"; };
		2AAB2C380FEB1E6DEEFA28E0 /* BufferSet.swift */ = {isa = PBXFileReference; includeInIndex = 1; lastKnownFileType = sourcecode.swift; path = BufferSet.swift; sourceTree = "<group>"; };
		2B2399800AEADF600564EA7F /* Assets.xcassets */ = {isa = PBXFileReference; includeInIndex = 1; lastKnownFileType = folder.assetcatalog; path = Assets.xcassets; sourceTree = "<group>"; };
		2B6643B730C4952B1CE03459 /* KittyGraphics.swift */ = {isa = PBXFileReference; includeInIndex = 1; lastKnownFileType = sourcecode.swift; path = KittyGraphics.swift; sourceTree = "<group>"; };
		2E62CC413C6939C23D143568 /* BrowserTheme.swift */ = {isa = PBXFileReference; includeInIndex = 1; lastKnownFileType = sourcecode.swift; path = BrowserTheme.swift; sourceTree = "<group>"; };
		30CF53F30C6945C373A949E0 /* TerminalDomainTests.swift */ = {isa = PBXFileReference; includeInIndex = 1; lastKnownFileType = sourcecode.swift; path = TerminalDomainTests.swift; sourceTree = "<group>"; };
		31227480FAA8C9D5742D8C91 /* WorkspaceBrowserStoreTests.swift */ = {isa = PBXFileReference; includeInIndex = 1; lastKnownFileType = sourcecode.swift; path = WorkspaceBrowserStoreTests.swift; sourceTree = "<group>"; };
		3160DA103906340038664430 /* CharData.swift */ = {isa = PBXFileReference; includeInIndex = 1; lastKnownFileType = sourcecode.swift; path = CharData.swift; sourceTree = "<group>"; };
		3562AAD581610DA6A4CF53DC /* MacAccessibilityService.swift */ = {isa = PBXFileReference; includeInIndex = 1; lastKnownFileType = sourcecode.swift; name = MacAccessibilityService.swift; path = Mac/MacAccessibilityService.swift; sourceTree = "<group>"; };
		37BA1809D08974BCE2D5CC95 /* iOSDoubleButton.swift */ = {isa = PBXFileReference; includeInIndex = 1; lastKnownFileType = sourcecode.swift; name = iOSDoubleButton.swift; path = iOS/iOSDoubleButton.swift; sourceTree = "<group>"; };
		38DD0EEC786F200CB174F826 /* SearchService.swift */ = {isa = PBXFileReference; includeInIndex = 1; lastKnownFileType = sourcecode.swift; path = SearchService.swift; sourceTree = "<group>"; };
		39957BAEBF6BF0F6610EC9C3 /* Buffer.swift */ = {isa = PBXFileReference; includeInIndex = 1; lastKnownFileType = sourcecode.swift; path = Buffer.swift; sourceTree = "<group>"; };
		3E4FEB76BD344AE50062B4E7 /* MetalTerminalRenderer.swift */ = {isa = PBXFileReference; includeInIndex = 1; lastKnownFileType = sourcecode.swift; name = MetalTerminalRenderer.swift; path = Apple/Metal/MetalTerminalRenderer.swift; sourceTree = "<group>"; };
		3E96A19E4766EBDCE9C5A177 /* CaretView.swift */ = {isa = PBXFileReference; includeInIndex = 1; lastKnownFileType = sourcecode.swift; name = CaretView.swift; path = Apple/CaretView.swift; sourceTree = "<group>"; };
		3EAB4D4A57283BDFBCE99F6E /* ContentBlockerTests.swift */ = {isa = PBXFileReference; includeInIndex = 1; lastKnownFileType = sourcecode.swift; path = ContentBlockerTests.swift; sourceTree = "<group>"; };
		3EAFB2C0EA71F2A2338A6649 /* TerminalWorkspaceStore.swift */ = {isa = PBXFileReference; includeInIndex = 1; lastKnownFileType = sourcecode.swift; path = TerminalWorkspaceStore.swift; sourceTree = "<group>"; };
		3EDD1E2ED6953479A188FE94 /* PetPackageInstallerTests.swift */ = {isa = PBXFileReference; includeInIndex = 1; lastKnownFileType = sourcecode.swift; path = PetPackageInstallerTests.swift; sourceTree = "<group>"; };
		3F17A28F6B2E383E53F03EDF /* Extensions.swift */ = {isa = PBXFileReference; includeInIndex = 1; lastKnownFileType = sourcecode.swift; name = Extensions.swift; path = Apple/Extensions.swift; sourceTree = "<group>"; };
		4064620C8AA14E024652734A /* CharSets.swift */ = {isa = PBXFileReference; includeInIndex = 1; lastKnownFileType = sourcecode.swift; path = CharSets.swift; sourceTree = "<group>"; };
		40EA58728CD77AD5A3510A67 /* Position.swift */ = {isa = PBXFileReference; includeInIndex = 1; lastKnownFileType = sourcecode.swift; path = Position.swift; sourceTree = "<group>"; };
		43CC55483D8465271A551547 /* RetoBrowser.app */ = {isa = PBXFileReference; explicitFileType = wrapper.application; includeInIndex = 0; path = RetoBrowser.app; sourceTree = BUILT_PRODUCTS_DIR; };
		49D1FD6D3B3854B57F08A162 /* Utilities.swift */ = {isa = PBXFileReference; includeInIndex = 1; lastKnownFileType = sourcecode.swift; path = Utilities.swift; sourceTree = "<group>"; };
		4C0CBB7D7E124A9C39F8FBA2 /* Foundation.framework */ = {isa = PBXFileReference; lastKnownFileType = wrapper.framework; name = Foundation.framework; path = Platforms/iPhoneOS.platform/Developer/SDKs/iPhoneOS18.0.sdk/System/Library/Frameworks/Foundation.framework; sourceTree = DEVELOPER_DIR; };
		4C932FA1168716CF7666BCB0 /* SearchState.swift */ = {isa = PBXFileReference; includeInIndex = 1; lastKnownFileType = sourcecode.swift; path = SearchState.swift; sourceTree = "<group>"; };
		4DE0E5EC8B9D1AC7A85E0389 /* CSSH.xcframework */ = {isa = PBXFileReference; includeInIndex = 1; lastKnownFileType = wrapper.xcframework; path = CSSH.xcframework; sourceTree = "<group>"; };
		4EE71368F175A89BC67E7CCB /* KittyKeyboardEncoder.swift */ = {isa = PBXFileReference; includeInIndex = 1; lastKnownFileType = sourcecode.swift; path = KittyKeyboardEncoder.swift; sourceTree = "<group>"; };
		4F14E42B6CA60D4F2478CC50 /* LibSSH2ConnectionEngine.swift */ = {isa = PBXFileReference; includeInIndex = 1; lastKnownFileType = sourcecode.swift; path = LibSSH2ConnectionEngine.swift; sourceTree = "<group>"; };
		511BB111A438318E94A690E8 /* SearchEngine.swift */ = {isa = PBXFileReference; includeInIndex = 1; lastKnownFileType = sourcecode.swift; path = SearchEngine.swift; sourceTree = "<group>"; };
		54AC9820475A8606F77F278C /* WorkspaceCanvas.swift */ = {isa = PBXFileReference; includeInIndex = 1; lastKnownFileType = sourcecode.swift; path = WorkspaceCanvas.swift; sourceTree = "<group>"; };
		54C0F288C4362702C80271D5 /* Terminal.swift */ = {isa = PBXFileReference; includeInIndex = 1; lastKnownFileType = sourcecode.swift; path = Terminal.swift; sourceTree = "<group>"; };
		58905C156BE9AB360F5B826F /* PetScrapsTests.swift */ = {isa = PBXFileReference; includeInIndex = 1; lastKnownFileType = sourcecode.swift; path = PetScrapsTests.swift; sourceTree = "<group>"; };
		5A788E7321613809D06E2C16 /* iOSAccessoryView.swift */ = {isa = PBXFileReference; includeInIndex = 1; lastKnownFileType = sourcecode.swift; name = iOSAccessoryView.swift; path = iOS/iOSAccessoryView.swift; sourceTree = "<group>"; };
		5B08694075CA2588F6569399 /* TerminalWorkspaceStoreTests.swift */ = {isa = PBXFileReference; includeInIndex = 1; lastKnownFileType = sourcecode.swift; path = TerminalWorkspaceStoreTests.swift; sourceTree = "<group>"; };
		5B3EE52BE4E04AC11EC4E124 /* AppleTerminalView.swift */ = {isa = PBXFileReference; includeInIndex = 1; lastKnownFileType = sourcecode.swift; name = AppleTerminalView.swift; path = Apple/AppleTerminalView.swift; sourceTree = "<group>"; };
		5BE75992DC7B2910AC802F05 /* SixelDcsHandler.swift */ = {isa = PBXFileReference; includeInIndex = 1; lastKnownFileType = sourcecode.swift; path = SixelDcsHandler.swift; sourceTree = "<group>"; };
		5C7B658BEDA33954A97A5614 /* Pty.swift */ = {isa = PBXFileReference; includeInIndex = 1; lastKnownFileType = sourcecode.swift; path = Pty.swift; sourceTree = "<group>"; };
		5D5DD770755413D5F786BD2D /* PetPackageInstaller.swift */ = {isa = PBXFileReference; includeInIndex = 1; lastKnownFileType = sourcecode.swift; path = PetPackageInstaller.swift; sourceTree = "<group>"; };
		60761E9E5D9A7466863FD990 /* SSHConnectionEngine.swift */ = {isa = PBXFileReference; includeInIndex = 1; lastKnownFileType = sourcecode.swift; path = SSHConnectionEngine.swift; sourceTree = "<group>"; };
		61CB64EB86FB453B905A7247 /* SwiftUITerminalView.swift */ = {isa = PBXFileReference; includeInIndex = 1; lastKnownFileType = sourcecode.swift; name = SwiftUITerminalView.swift; path = iOS/SwiftUITerminalView.swift; sourceTree = "<group>"; };
		638104BDFE5833E560578D06 /* BrowserIntents.swift */ = {isa = PBXFileReference; includeInIndex = 1; lastKnownFileType = sourcecode.swift; path = BrowserIntents.swift; sourceTree = "<group>"; };
		6474176B51F13C1B7B4FB2EC /* CoreTextGlyphRasterizer.swift */ = {isa = PBXFileReference; includeInIndex = 1; lastKnownFileType = sourcecode.swift; name = CoreTextGlyphRasterizer.swift; path = Apple/Metal/CoreTextGlyphRasterizer.swift; sourceTree = "<group>"; };
		6847323DFF7381A8053AD5CD /* TmuxSessionBrowserView.swift */ = {isa = PBXFileReference; includeInIndex = 1; lastKnownFileType = sourcecode.swift; path = TmuxSessionBrowserView.swift; sourceTree = "<group>"; };
		687F2A4ABBD2958BD9BDC95F /* DeveloperConsoleSelectionTests.swift */ = {isa = PBXFileReference; includeInIndex = 1; lastKnownFileType = sourcecode.swift; path = DeveloperConsoleSelectionTests.swift; sourceTree = "<group>"; };
		69DC28D43617D04241154B62 /* BrowserSidebar.swift */ = {isa = PBXFileReference; includeInIndex = 1; lastKnownFileType = sourcecode.swift; path = BrowserSidebar.swift; sourceTree = "<group>"; };
		6DA5E6996F9FA3B4688646F0 /* RetoBrowserTests.xctest */ = {isa = PBXFileReference; explicitFileType = wrapper.cfbundle; includeInIndex = 0; path = RetoBrowserTests.xctest; sourceTree = BUILT_PRODUCTS_DIR; };
		702FAA944D825AA2E08AA0E7 /* BufferLine.swift */ = {isa = PBXFileReference; includeInIndex = 1; lastKnownFileType = sourcecode.swift; path = BufferLine.swift; sourceTree = "<group>"; };
		7127948B0ED95E326D91A2AE /* TerminalViewSearch.swift */ = {isa = PBXFileReference; includeInIndex = 1; lastKnownFileType = sourcecode.swift; path = TerminalViewSearch.swift; sourceTree = "<group>"; };
		741D9D878D805907C0F13DB3 /* TabOverviewLayoutTests.swift */ = {isa = PBXFileReference; includeInIndex = 1; lastKnownFileType = sourcecode.swift; path = TabOverviewLayoutTests.swift; sourceTree = "<group>"; };
		76AAB5BA72C4109EA249C845 /* ContentBlocker */ = {isa = PBXFileReference; includeInIndex = 1; lastKnownFileType = folder; path = ContentBlocker; sourceTree = "<group>"; };
		76D3D24E1C549AB8479A99E3 /* GlyphAtlas.swift */ = {isa = PBXFileReference; includeInIndex = 1; lastKnownFileType = sourcecode.swift; name = GlyphAtlas.swift; path = Apple/Metal/GlyphAtlas.swift; sourceTree = "<group>"; };
		77DC4D3BA840E50C206C9879 /* BrowserIntentRouter.swift */ = {isa = PBXFileReference; includeInIndex = 1; lastKnownFileType = sourcecode.swift; path = BrowserIntentRouter.swift; sourceTree = "<group>"; };
		7A7D2E13F2EBFF6C4D53BA3B /* SwiftTerm.framework */ = {isa = PBXFileReference; explicitFileType = wrapper.framework; includeInIndex = 0; path = SwiftTerm.framework; sourceTree = BUILT_PRODUCTS_DIR; };
		7BF34C9A9D10A0BEA724EF65 /* SSHIntegrationTests.swift */ = {isa = PBXFileReference; includeInIndex = 1; lastKnownFileType = sourcecode.swift; path = SSHIntegrationTests.swift; sourceTree = "<group>"; };
		7F325E1888BF226E73377BDF /* iOSCaretView.swift */ = {isa = PBXFileReference; includeInIndex = 1; lastKnownFileType = sourcecode.swift; name = iOSCaretView.swift; path = iOS/iOSCaretView.swift; sourceTree = "<group>"; };
		7FF48E20735298858427B19B /* KittyPlaceholder.swift */ = {isa = PBXFileReference; includeInIndex = 1; lastKnownFileType = sourcecode.swift; path = KittyPlaceholder.swift; sourceTree = "<group>"; };
		82DABE2892E28C442B2645EC /* IslandChrome.swift */ = {isa = PBXFileReference; includeInIndex = 1; lastKnownFileType = sourcecode.swift; path = IslandChrome.swift; sourceTree = "<group>"; };
		8C9F54DF5758A09A0BFC707C /* DeveloperConsoleSelection.swift */ = {isa = PBXFileReference; includeInIndex = 1; lastKnownFileType = sourcecode.swift; path = DeveloperConsoleSelection.swift; sourceTree = "<group>"; };
		8E8C066214FFED07DF21E64A /* CodexPetGallery.swift */ = {isa = PBXFileReference; includeInIndex = 1; lastKnownFileType = sourcecode.swift; path = CodexPetGallery.swift; sourceTree = "<group>"; };
		903451405A50A2556E26E1C2 /* EscapeSequences.swift */ = {isa = PBXFileReference; includeInIndex = 1; lastKnownFileType = sourcecode.swift; path = EscapeSequences.swift; sourceTree = "<group>"; };
		90D83366CFD25898C8F9DC4E /* HeadlessTerminal.swift */ = {isa = PBXFileReference; includeInIndex = 1; lastKnownFileType = sourcecode.swift; path = HeadlessTerminal.swift; sourceTree = "<group>"; };
		9267CB0334C5176E156536BA /* TmuxDiscovery.swift */ = {isa = PBXFileReference; includeInIndex = 1; lastKnownFileType = sourcecode.swift; path = TmuxDiscovery.swift; sourceTree = "<group>"; };
		971EA6B41FA755A547E68F83 /* LocalProcess.swift */ = {isa = PBXFileReference; includeInIndex = 1; lastKnownFileType = sourcecode.swift; path = LocalProcess.swift; sourceTree = "<group>"; };
		974CA01B4BBFBE607139B67D /* BrowserPetDomain.swift */ = {isa = PBXFileReference; includeInIndex = 1; lastKnownFileType = sourcecode.swift; path = BrowserPetDomain.swift; sourceTree = "<group>"; };
		98CAB3CD2CBD7D0EB6D37042 /* SearchOptions.swift */ = {isa = PBXFileReference; includeInIndex = 1; lastKnownFileType = sourcecode.swift; path = SearchOptions.swift; sourceTree = "<group>"; };
		991C3D11A599BC08FBA5E9DD /* File.swift */ = {isa = PBXFileReference; includeInIndex = 1; lastKnownFileType = sourcecode.swift; path = File.swift; sourceTree = "<group>"; };
		99C569B186891F35AD9EF704 /* AddressDisplayTests.swift */ = {isa = PBXFileReference; includeInIndex = 1; lastKnownFileType = sourcecode.swift; path = AddressDisplayTests.swift; sourceTree = "<group>"; };
		9AA566ADA1BFEDE498A89FE5 /* EscapeSequenceParser.swift */ = {isa = PBXFileReference; includeInIndex = 1; lastKnownFileType = sourcecode.swift; path = EscapeSequenceParser.swift; sourceTree = "<group>"; };
		9D878D85CDD30F46B7D0924B /* Line.swift */ = {isa = PBXFileReference; includeInIndex = 1; lastKnownFileType = sourcecode.swift; path = Line.swift; sourceTree = "<group>"; };
		9EA8C08E41B56462DB96EF08 /* BrowserServices.swift */ = {isa = PBXFileReference; includeInIndex = 1; lastKnownFileType = sourcecode.swift; path = BrowserServices.swift; sourceTree = "<group>"; };
		A0D13CDC8FF090A7B315BA29 /* AddressDisplay.swift */ = {isa = PBXFileReference; includeInIndex = 1; lastKnownFileType = sourcecode.swift; path = AddressDisplay.swift; sourceTree = "<group>"; };
		A5B6886D06C83BDDACE77CB3 /* KittyKeyboardProtocol.swift */ = {isa = PBXFileReference; includeInIndex = 1; lastKnownFileType = sourcecode.swift; path = KittyKeyboardProtocol.swift; sourceTree = "<group>"; };
		A88E9CCBFE1D835E9B947E07 /* BrowserDomain.swift */ = {isa = PBXFileReference; includeInIndex = 1; lastKnownFileType = sourcecode.swift; path = BrowserDomain.swift; sourceTree = "<group>"; };
		AA6BC4A8C3E184243F31C84A /* BrowserAI.swift */ = {isa = PBXFileReference; includeInIndex = 1; lastKnownFileType = sourcecode.swift; path = BrowserAI.swift; sourceTree = "<group>"; };
		AB9FBA4105B7DFBB7DA0ABDA /* PetScraps.swift */ = {isa = PBXFileReference; includeInIndex = 1; lastKnownFileType = sourcecode.swift; path = PetScraps.swift; sourceTree = "<group>"; };
		ADD221396695D5D0FEC4DDCD /* MetalBufferingMode.swift */ = {isa = PBXFileReference; includeInIndex = 1; lastKnownFileType = sourcecode.swift; name = MetalBufferingMode.swift; path = Apple/Metal/MetalBufferingMode.swift; sourceTree = "<group>"; };
		BA248B6D023BD62C248FEF4D /* iOSTerminalView.swift */ = {isa = PBXFileReference; includeInIndex = 1; lastKnownFileType = sourcecode.swift; name = iOSTerminalView.swift; path = iOS/iOSTerminalView.swift; sourceTree = "<group>"; };
		BA5E7BF438ACC06BDB9EBDED /* BrowserAIStoreTests.swift */ = {isa = PBXFileReference; includeInIndex = 1; lastKnownFileType = sourcecode.swift; path = BrowserAIStoreTests.swift; sourceTree = "<group>"; };
		BBF832F611E5B59194C0B85F /* BrowserFeatureSheets.swift */ = {isa = PBXFileReference; includeInIndex = 1; lastKnownFileType = sourcecode.swift; path = BrowserFeatureSheets.swift; sourceTree = "<group>"; };
		BD1829AB95B6E3F4A4133466 /* SelectionService.swift */ = {isa = PBXFileReference; includeInIndex = 1; lastKnownFileType = sourcecode.swift; path = SelectionService.swift; sourceTree = "<group>"; };
		C0A940456A9D8A64A7CD8469 /* SearchLineCache.swift */ = {isa = PBXFileReference; includeInIndex = 1; lastKnownFileType = sourcecode.swift; path = SearchLineCache.swift; sourceTree = "<group>"; };
		C690A36D0F99E007145AAC8D /* CommandPalette.swift */ = {isa = PBXFileReference; includeInIndex = 1; lastKnownFileType = sourcecode.swift; path = CommandPalette.swift; sourceTree = "<group>"; };
		C781BA00117D4F76FF1D7CC1 /* BrowserPetViews.swift */ = {isa = PBXFileReference; includeInIndex = 1; lastKnownFileType = sourcecode.swift; path = BrowserPetViews.swift; sourceTree = "<group>"; };
		C8F8914BBFB8FA647EDCDDEA /* Pets */ = {isa = PBXFileReference; includeInIndex = 1; lastKnownFileType = folder; path = Pets; sourceTree = "<group>"; };
		C9CB1EB00539D0BC7EDF094F /* Colors.swift */ = {isa = PBXFileReference; includeInIndex = 1; lastKnownFileType = sourcecode.swift; path = Colors.swift; sourceTree = "<group>"; };
		CA54BFB1B1E3D3FB523670DA /* BoxDrawingRenderer.swift */ = {isa = PBXFileReference; includeInIndex = 1; lastKnownFileType = sourcecode.swift; name = BoxDrawingRenderer.swift; path = Apple/BoxDrawingRenderer.swift; sourceTree = "<group>"; };
		CD59146E5B1C89E1FBA10AD4 /* BlockElementRenderer.swift */ = {isa = PBXFileReference; includeInIndex = 1; lastKnownFileType = sourcecode.swift; name = BlockElementRenderer.swift; path = Apple/BlockElementRenderer.swift; sourceTree = "<group>"; };
		D24534C241E5E6249E8B5C70 /* BrowserComponents.swift */ = {isa = PBXFileReference; includeInIndex = 1; lastKnownFileType = sourcecode.swift; path = BrowserComponents.swift; sourceTree = "<group>"; };
		D70C03A7747FD76E27320880 /* KeychainSSHProfileVault.swift */ = {isa = PBXFileReference; includeInIndex = 1; lastKnownFileType = sourcecode.swift; path = KeychainSSHProfileVault.swift; sourceTree = "<group>"; };
		D895AF82314550F7E2B645E1 /* TerminalOptions.swift */ = {isa = PBXFileReference; includeInIndex = 1; lastKnownFileType = sourcecode.swift; path = TerminalOptions.swift; sourceTree = "<group>"; };
		D9D3A41FA65D25FB4FCA1212 /* WorkspaceBrowserStore.swift */ = {isa = PBXFileReference; includeInIndex = 1; lastKnownFileType = sourcecode.swift; path = WorkspaceBrowserStore.swift; sourceTree = "<group>"; };
		DA115536BEADBC10EFB6ED4E /* iOSKeyboardView.swift */ = {isa = PBXFileReference; includeInIndex = 1; lastKnownFileType = sourcecode.swift; name = iOSKeyboardView.swift; path = iOS/iOSKeyboardView.swift; sourceTree = "<group>"; };
		DA2BE858F0D5981A064EFD22 /* iOSTextStorage.swift */ = {isa = PBXFileReference; includeInIndex = 1; lastKnownFileType = sourcecode.swift; name = iOSTextStorage.swift; path = iOS/iOSTextStorage.swift; sourceTree = "<group>"; };
		DB657F3A70713FCF5C75816A /* TerminalProgressBarView.swift */ = {isa = PBXFileReference; includeInIndex = 1; lastKnownFileType = sourcecode.swift; name = TerminalProgressBarView.swift; path = Apple/TerminalProgressBarView.swift; sourceTree = "<group>"; };
		DBB641AE5D7B51BA2AE3F82C /* BrowserPetStoreTests.swift */ = {isa = PBXFileReference; includeInIndex = 1; lastKnownFileType = sourcecode.swift; path = BrowserPetStoreTests.swift; sourceTree = "<group>"; };
		DC415AEF51BC4CB209DE5DF0 /* BrowserManagementSheet.swift */ = {isa = PBXFileReference; includeInIndex = 1; lastKnownFileType = sourcecode.swift; path = BrowserManagementSheet.swift; sourceTree = "<group>"; };
		DC753DDE4B717DA58749B2D9 /* TerminalViews.swift */ = {isa = PBXFileReference; includeInIndex = 1; lastKnownFileType = sourcecode.swift; path = TerminalViews.swift; sourceTree = "<group>"; };
		E47D59654E4866EE6597AE78 /* StartPage.swift */ = {isa = PBXFileReference; includeInIndex = 1; lastKnownFileType = sourcecode.swift; path = StartPage.swift; sourceTree = "<group>"; };
		E582E28F41FB2673076B6F39 /* TabOverviewStrip.swift */ = {isa = PBXFileReference; includeInIndex = 1; lastKnownFileType = sourcecode.swift; path = TabOverviewStrip.swift; sourceTree = "<group>"; };
		E5BAE7EDB419909E817CD5B5 /* GlassStyle.swift */ = {isa = PBXFileReference; includeInIndex = 1; lastKnownFileType = sourcecode.swift; path = GlassStyle.swift; sourceTree = "<group>"; };
		EA43ADC514C59A8CD8EC0CE2 /* CompactCommandBar.swift */ = {isa = PBXFileReference; includeInIndex = 1; lastKnownFileType = sourcecode.swift; path = CompactCommandBar.swift; sourceTree = "<group>"; };
		F03337DB1F2B450FB8E35B11 /* MetalError.swift */ = {isa = PBXFileReference; includeInIndex = 1; lastKnownFileType = sourcecode.swift; name = MetalError.swift; path = Apple/Metal/MetalError.swift; sourceTree = "<group>"; };
		F0D233C1EAA9280A28B83363 /* iOSTextInput.swift */ = {isa = PBXFileReference; includeInIndex = 1; lastKnownFileType = sourcecode.swift; name = iOSTextInput.swift; path = iOS/iOSTextInput.swift; sourceTree = "<group>"; };
		FB2A25BB0177EE94F2351D94 /* SwiftTermHangulInput.swift */ = {isa = PBXFileReference; includeInIndex = 1; lastKnownFileType = sourcecode.swift; name = SwiftTermHangulInput.swift; path = iOS/SwiftTermHangulInput.swift; sourceTree = "<group>"; };
		FB55CAB21AB3D23E9C9A691C /* TerminalViewDelegate.swift */ = {isa = PBXFileReference; includeInIndex = 1; lastKnownFileType = sourcecode.swift; name = TerminalViewDelegate.swift; path = Apple/TerminalViewDelegate.swift; sourceTree = "<group>"; };
		FE0EE1CA652E854DE995B84B /* SyncDebug.swift */ = {isa = PBXFileReference; includeInIndex = 1; lastKnownFileType = sourcecode.swift; path = SyncDebug.swift; sourceTree = "<group>"; };
		FED20B93AED64F96EC46DCF9 /* RetoBrowserApp.swift */ = {isa = PBXFileReference; includeInIndex = 1; lastKnownFileType = sourcecode.swift; path = RetoBrowserApp.swift; sourceTree = "<group>"; };
/* End PBXFileReference section */

/* Begin PBXFrameworksBuildPhase section */
		8734B7B21DA1E001FCBED630 /* Frameworks */ = {
			isa = PBXFrameworksBuildPhase;
			buildActionMask = 2147483647;
			files = (
				E0440316560B66DBA6057286 /* Foundation.framework in Frameworks */,
			);
			runOnlyForDeploymentPostprocessing = 0;
		};
		EAFF36339897D3D2CB1B46F2 /* Frameworks */ = {
			isa = PBXFrameworksBuildPhase;
			buildActionMask = 2147483647;
			files = (
				FF30F438B02DA45451CD13DB /* Foundation.framework in Frameworks */,
				11068D9092B7F1887AD4EFA8 /* SwiftTerm.framework in Frameworks */,
				30D214C569DD43E2A64B5C4C /* Citadel in Frameworks */,
				13F74C94A35F813FFB6F000A /* NIOSSH in Frameworks */,
				23B949BA78D22AF1C2DCD584 /* NIOCore in Frameworks */,
				EFBD2045CA6388E38802BC22 /* CSSH.xcframework in Frameworks */,
			);
			runOnlyForDeploymentPostprocessing = 0;
		};
		F3CB4B8ECA92A4D3A72EBD3E /* Frameworks */ = {
			isa = PBXFrameworksBuildPhase;
			buildActionMask = 2147483647;
			files = (
				E65D8EAE4D99AC792B83D559 /* Foundation.framework in Frameworks */,
			);
			runOnlyForDeploymentPostprocessing = 0;
		};
/* End PBXFrameworksBuildPhase section */

/* Begin PBXGroup section */
		04C70CCB6437738F2F3FF472 /* Sources */ = {
			isa = PBXGroup;
			children = (
				CE96A2E8CB8F96CD7DA3C72D /* RetoBrowser */,
			);
			path = Sources;
			sourceTree = "<group>";
		};
		4886AD747D2E48656271D313 /* RetoBrowserTests */ = {
			isa = PBXGroup;
			children = (
				99C569B186891F35AD9EF704 /* AddressDisplayTests.swift */,
				BA5E7BF438ACC06BDB9EBDED /* BrowserAIStoreTests.swift */,
				DBB641AE5D7B51BA2AE3F82C /* BrowserPetStoreTests.swift */,
				2309423B94E7C5BB22B3B9AD /* BrowserURLTests.swift */,
				3EAB4D4A57283BDFBCE99F6E /* ContentBlockerTests.swift */,
				687F2A4ABBD2958BD9BDC95F /* DeveloperConsoleSelectionTests.swift */,
				3EDD1E2ED6953479A188FE94 /* PetPackageInstallerTests.swift */,
				58905C156BE9AB360F5B826F /* PetScrapsTests.swift */,
				7BF34C9A9D10A0BEA724EF65 /* SSHIntegrationTests.swift */,
				741D9D878D805907C0F13DB3 /* TabOverviewLayoutTests.swift */,
				30CF53F30C6945C373A949E0 /* TerminalDomainTests.swift */,
				5B08694075CA2588F6569399 /* TerminalWorkspaceStoreTests.swift */,
				0FA3CC164637A25745C57AD7 /* TmuxDiscoveryTests.swift */,
				31227480FAA8C9D5742D8C91 /* WorkspaceBrowserStoreTests.swift */,
			);
			path = RetoBrowserTests;
			sourceTree = "<group>";
		};
		50A1E48E1EDB0DD5E5EA2E5F /* Resources */ = {
			isa = PBXGroup;
			children = (
				A1F801042B700001A1F80104 /* D2Coding-Ver1.3.2-20180524.ttf */,
				A1F801062B700001A1F80106 /* D2Coding-OFL.txt */,
				C8F8914BBFB8FA647EDCDDEA /* Pets */,
				76AAB5BA72C4109EA249C845 /* ContentBlocker */,
				2B2399800AEADF600564EA7F /* Assets.xcassets */,
			);
			path = Resources;
			sourceTree = "<group>";
		};
		705D04DE25600E239ECBCC40 /* Vendor */ = {
			isa = PBXGroup;
			children = (
				7A07D16DC9CC59A094457B30 /* CSSH */,
			);
			path = Vendor;
			sourceTree = "<group>";
		};
		778F84D8E1BFB1FB60905175 /* Products */ = {
			isa = PBXGroup;
			children = (
				43CC55483D8465271A551547 /* RetoBrowser.app */,
				7A7D2E13F2EBFF6C4D53BA3B /* SwiftTerm.framework */,
				6DA5E6996F9FA3B4688646F0 /* RetoBrowserTests.xctest */,
			);
			name = Products;
			sourceTree = "<group>";
		};
		7A07D16DC9CC59A094457B30 /* CSSH */ = {
			isa = PBXGroup;
			children = (
				4DE0E5EC8B9D1AC7A85E0389 /* CSSH.xcframework */,
				0EB5E57BB8D552E8F99586B1 /* THIRD_PARTY_NOTICES.md */,
				0FDCFFCC2AC50A4E2B78A6E6 /* libssh2-COPYING */,
				2452F97F88FD15E4F20E5DC4 /* openssl-LICENSE.txt */,
			);
			path = CSSH;
			sourceTree = "<group>";
		};
		9CB4C30B857193BD7FA62607 /* SwiftTerm */ = {
			isa = PBXGroup;
			children = (
				5B3EE52BE4E04AC11EC4E124 /* AppleTerminalView.swift */,
				CD59146E5B1C89E1FBA10AD4 /* BlockElementRenderer.swift */,
				CA54BFB1B1E3D3FB523670DA /* BoxDrawingRenderer.swift */,
				3E96A19E4766EBDCE9C5A177 /* CaretView.swift */,
				3F17A28F6B2E383E53F03EDF /* Extensions.swift */,
				6474176B51F13C1B7B4FB2EC /* CoreTextGlyphRasterizer.swift */,
				76D3D24E1C549AB8479A99E3 /* GlyphAtlas.swift */,
				ADD221396695D5D0FEC4DDCD /* MetalBufferingMode.swift */,
				F03337DB1F2B450FB8E35B11 /* MetalError.swift */,
				3E4FEB76BD344AE50062B4E7 /* MetalTerminalRenderer.swift */,
				DB657F3A70713FCF5C75816A /* TerminalProgressBarView.swift */,
				FB55CAB21AB3D23E9C9A691C /* TerminalViewDelegate.swift */,
				39957BAEBF6BF0F6610EC9C3 /* Buffer.swift */,
				702FAA944D825AA2E08AA0E7 /* BufferLine.swift */,
				2AAB2C380FEB1E6DEEFA28E0 /* BufferSet.swift */,
				3160DA103906340038664430 /* CharData.swift */,
				4064620C8AA14E024652734A /* CharSets.swift */,
				1B12BE060A8741E544D05FED /* CircularList.swift */,
				C9CB1EB00539D0BC7EDF094F /* Colors.swift */,
				9AA566ADA1BFEDE498A89FE5 /* EscapeSequenceParser.swift */,
				903451405A50A2556E26E1C2 /* EscapeSequences.swift */,
				16F8B7DA566FC7DD5E7FF012 /* ExtensionsTerminal.swift */,
				991C3D11A599BC08FBA5E9DD /* File.swift */,
				90D83366CFD25898C8F9DC4E /* HeadlessTerminal.swift */,
				2B6643B730C4952B1CE03459 /* KittyGraphics.swift */,
				4EE71368F175A89BC67E7CCB /* KittyKeyboardEncoder.swift */,
				A5B6886D06C83BDDACE77CB3 /* KittyKeyboardProtocol.swift */,
				7FF48E20735298858427B19B /* KittyPlaceholder.swift */,
				9D878D85CDD30F46B7D0924B /* Line.swift */,
				971EA6B41FA755A547E68F83 /* LocalProcess.swift */,
				3562AAD581610DA6A4CF53DC /* MacAccessibilityService.swift */,
				40EA58728CD77AD5A3510A67 /* Position.swift */,
				5C7B658BEDA33954A97A5614 /* Pty.swift */,
				511BB111A438318E94A690E8 /* SearchEngine.swift */,
				C0A940456A9D8A64A7CD8469 /* SearchLineCache.swift */,
				98CAB3CD2CBD7D0EB6D37042 /* SearchOptions.swift */,
				38DD0EEC786F200CB174F826 /* SearchService.swift */,
				4C932FA1168716CF7666BCB0 /* SearchState.swift */,
				BD1829AB95B6E3F4A4133466 /* SelectionService.swift */,
				5BE75992DC7B2910AC802F05 /* SixelDcsHandler.swift */,
				FE0EE1CA652E854DE995B84B /* SyncDebug.swift */,
				54C0F288C4362702C80271D5 /* Terminal.swift */,
				D895AF82314550F7E2B645E1 /* TerminalOptions.swift */,
				7127948B0ED95E326D91A2AE /* TerminalViewSearch.swift */,
				0EFBC07F56A3D4717097B1DB /* UnicodeWidthData.swift */,
				49D1FD6D3B3854B57F08A162 /* Utilities.swift */,
				FB2A25BB0177EE94F2351D94 /* SwiftTermHangulInput.swift */,
				61CB64EB86FB453B905A7247 /* SwiftUITerminalView.swift */,
				5A788E7321613809D06E2C16 /* iOSAccessoryView.swift */,
				7F325E1888BF226E73377BDF /* iOSCaretView.swift */,
				37BA1809D08974BCE2D5CC95 /* iOSDoubleButton.swift */,
				22A622C511D98FCBD7443F38 /* iOSExtensions.swift */,
				DA115536BEADBC10EFB6ED4E /* iOSKeyboardView.swift */,
				BA248B6D023BD62C248FEF4D /* iOSTerminalView.swift */,
				F0D233C1EAA9280A28B83363 /* iOSTextInput.swift */,
				DA2BE858F0D5981A064EFD22 /* iOSTextStorage.swift */,
			);
			name = SwiftTerm;
			path = SwiftTerm/Sources/SwiftTerm;
			sourceTree = "<group>";
		};
		CE96A2E8CB8F96CD7DA3C72D /* RetoBrowser */ = {
			isa = PBXGroup;
			children = (
				A0D13CDC8FF090A7B315BA29 /* AddressDisplay.swift */,
				AA6BC4A8C3E184243F31C84A /* BrowserAI.swift */,
				D24534C241E5E6249E8B5C70 /* BrowserComponents.swift */,
				A88E9CCBFE1D835E9B947E07 /* BrowserDomain.swift */,
				BBF832F611E5B59194C0B85F /* BrowserFeatureSheets.swift */,
				77DC4D3BA840E50C206C9879 /* BrowserIntentRouter.swift */,
				638104BDFE5833E560578D06 /* BrowserIntents.swift */,
				DC415AEF51BC4CB209DE5DF0 /* BrowserManagementSheet.swift */,
				974CA01B4BBFBE607139B67D /* BrowserPetDomain.swift */,
				C781BA00117D4F76FF1D7CC1 /* BrowserPetViews.swift */,
				9EA8C08E41B56462DB96EF08 /* BrowserServices.swift */,
				147203FB2788D8170DDC8708 /* BrowserSession.swift */,
				69DC28D43617D04241154B62 /* BrowserSidebar.swift */,
				2E62CC413C6939C23D143568 /* BrowserTheme.swift */,
				18C6450CAAE4AE6E66F83F0C /* BrowserURL.swift */,
				02C05B4A0E14BF888F07F587 /* BrowserView.swift */,
				8E8C066214FFED07DF21E64A /* CodexPetGallery.swift */,
				C690A36D0F99E007145AAC8D /* CommandPalette.swift */,
				EA43ADC514C59A8CD8EC0CE2 /* CompactCommandBar.swift */,
				8C9F54DF5758A09A0BFC707C /* DeveloperConsoleSelection.swift */,
				E5BAE7EDB419909E817CD5B5 /* GlassStyle.swift */,
				82DABE2892E28C442B2645EC /* IslandChrome.swift */,
				D70C03A7747FD76E27320880 /* KeychainSSHProfileVault.swift */,
				4F14E42B6CA60D4F2478CC50 /* LibSSH2ConnectionEngine.swift */,
				5D5DD770755413D5F786BD2D /* PetPackageInstaller.swift */,
				AB9FBA4105B7DFBB7DA0ABDA /* PetScraps.swift */,
				FED20B93AED64F96EC46DCF9 /* RetoBrowserApp.swift */,
				215175687C0C2E908A576CDD /* SSHCommandRunner.swift */,
				60761E9E5D9A7466863FD990 /* SSHConnectionEngine.swift */,
				E47D59654E4866EE6597AE78 /* StartPage.swift */,
				E582E28F41FB2673076B6F39 /* TabOverviewStrip.swift */,
				18EB7899ACD4293BD0CEBEC1 /* TerminalDomain.swift */,
				A1F801022B700001A1F80102 /* TerminalPreferences.swift */,
				DC753DDE4B717DA58749B2D9 /* TerminalViews.swift */,
				3EAFB2C0EA71F2A2338A6649 /* TerminalWorkspaceStore.swift */,
				9267CB0334C5176E156536BA /* TmuxDiscovery.swift */,
				6847323DFF7381A8053AD5CD /* TmuxSessionBrowserView.swift */,
				D9D3A41FA65D25FB4FCA1212 /* WorkspaceBrowserStore.swift */,
				54AC9820475A8606F77F278C /* WorkspaceCanvas.swift */,
			);
			path = RetoBrowser;
			sourceTree = "<group>";
		};
		D400F0B5F09B6252056D88A7 /* iOS */ = {
			isa = PBXGroup;
			children = (
				4C0CBB7D7E124A9C39F8FBA2 /* Foundation.framework */,
			);
			name = iOS;
			sourceTree = "<group>";
		};
		E452834846EED3EA9A5F3F9F /* Vendor */ = {
			isa = PBXGroup;
			children = (
				9CB4C30B857193BD7FA62607 /* SwiftTerm */,
			);
			path = Vendor;
			sourceTree = "<group>";
		};
		F40CF950FF623388F6B91CFB /* Tests */ = {
			isa = PBXGroup;
			children = (
				4886AD747D2E48656271D313 /* RetoBrowserTests */,
			);
			path = Tests;
			sourceTree = "<group>";
		};
		F4F99856043E4A353350A9FD /* Frameworks */ = {
			isa = PBXGroup;
			children = (
				D400F0B5F09B6252056D88A7 /* iOS */,
			);
			name = Frameworks;
			sourceTree = "<group>";
		};
		F9114FF2309AD2EE14E42B5E = {
			isa = PBXGroup;
			children = (
				778F84D8E1BFB1FB60905175 /* Products */,
				F4F99856043E4A353350A9FD /* Frameworks */,
				04C70CCB6437738F2F3FF472 /* Sources */,
				E452834846EED3EA9A5F3F9F /* Vendor */,
				50A1E48E1EDB0DD5E5EA2E5F /* Resources */,
				705D04DE25600E239ECBCC40 /* Vendor */,
				F40CF950FF623388F6B91CFB /* Tests */,
			);
			sourceTree = "<group>";
		};
/* End PBXGroup section */

/* Begin PBXHeadersBuildPhase section */
		2CFBC4DCF2B210F21D5972E5 /* Headers */ = {
			isa = PBXHeadersBuildPhase;
			buildActionMask = 2147483647;
			files = (
			);
			runOnlyForDeploymentPostprocessing = 0;
		};
/* End PBXHeadersBuildPhase section */

/* Begin PBXNativeTarget section */
		2468BB31F3BA858FB44F48FB /* RetoBrowser */ = {
			isa = PBXNativeTarget;
			buildConfigurationList = 7780B4FB0B40813B1AE1475A /* Build configuration list for PBXNativeTarget "RetoBrowser" */;
			buildPhases = (
				5309A32764C35037AC48FAE8 /* Sources */,
				EAFF36339897D3D2CB1B46F2 /* Frameworks */,
				9A4B39A8C632FDFCE7BBAE2B /* Resources */,
			);
			buildRules = (
			);
			dependencies = (
				8462BBEC5D29807A73739C50 /* PBXTargetDependency */,
			);
			name = RetoBrowser;
			packageProductDependencies = (
				1EB5242642996E2916F0929E /* Citadel */,
				09B8A425AB7709AFDA1BAE24 /* NIOSSH */,
				C6D142646118722FABC1C571 /* NIOCore */,
			);
			productName = RetoBrowser;
			productReference = 43CC55483D8465271A551547 /* RetoBrowser.app */;
			productType = "com.apple.product-type.application";
		};
		880666362929DCFE3B1E3069 /* SwiftTerm */ = {
			isa = PBXNativeTarget;
			buildConfigurationList = 714C92F8AC59A5BCAD3CB187 /* Build configuration list for PBXNativeTarget "SwiftTerm" */;
			buildPhases = (
				2CFBC4DCF2B210F21D5972E5 /* Headers */,
				8ED77868AE81A68F26C08AA5 /* Sources */,
				F3CB4B8ECA92A4D3A72EBD3E /* Frameworks */,
				EFDEEC9AF46EA25230C2D749 /* Resources */,
			);
			buildRules = (
			);
			dependencies = (
			);
			name = SwiftTerm;
			productName = SwiftTerm;
			productReference = 7A7D2E13F2EBFF6C4D53BA3B /* SwiftTerm.framework */;
			productType = "com.apple.product-type.framework";
		};
		AD850CC6EE86987E3E3DF976 /* RetoBrowserTests */ = {
			isa = PBXNativeTarget;
			buildConfigurationList = 51C156967D26C5E06495BD99 /* Build configuration list for PBXNativeTarget "RetoBrowserTests" */;
			buildPhases = (
				EB83CAA8A0C78FD6A7C54D2D /* Sources */,
				8734B7B21DA1E001FCBED630 /* Frameworks */,
				4979E2C92CBC0B1ACBCE9E5D /* Resources */,
			);
			buildRules = (
			);
			dependencies = (
				B8716C45DF1DD4AD93B3B78D /* PBXTargetDependency */,
			);
			name = RetoBrowserTests;
			productName = RetoBrowserTests;
			productReference = 6DA5E6996F9FA3B4688646F0 /* RetoBrowserTests.xctest */;
			productType = "com.apple.product-type.bundle.unit-test";
		};
/* End PBXNativeTarget section */

/* Begin PBXProject section */
		03B86ABABAF1BA591541E31A /* Project object */ = {
			isa = PBXProject;
			attributes = {
				LastSwiftUpdateCheck = 2640;
				LastUpgradeCheck = 2640;
			};
			buildConfigurationList = EE869D8187E99546848B3FF2 /* Build configuration list for PBXProject "RetoBrowser" */;
			compatibilityVersion = "Xcode 3.2";
			developmentRegion = en;
			hasScannedForEncodings = 0;
			knownRegions = (
				en,
				Base,
			);
			mainGroup = F9114FF2309AD2EE14E42B5E;
			packageReferences = (
				DA622D74087C6B06ED4C5F57 /* XCRemoteSwiftPackageReference "Citadel" */,
				3B6B0E1D8897868BBAC0692B /* XCRemoteSwiftPackageReference "swift-nio-ssh" */,
				2580CF28E79F1A7773A1391E /* XCRemoteSwiftPackageReference "swift-nio" */,
			);
			productRefGroup = 778F84D8E1BFB1FB60905175 /* Products */;
			projectDirPath = "";
			projectRoot = "";
			targets = (
				2468BB31F3BA858FB44F48FB /* RetoBrowser */,
				880666362929DCFE3B1E3069 /* SwiftTerm */,
				AD850CC6EE86987E3E3DF976 /* RetoBrowserTests */,
			);
		};
/* End PBXProject section */

/* Begin PBXResourcesBuildPhase section */
		4979E2C92CBC0B1ACBCE9E5D /* Resources */ = {
			isa = PBXResourcesBuildPhase;
			buildActionMask = 2147483647;
			files = (
			);
			runOnlyForDeploymentPostprocessing = 0;
		};
		9A4B39A8C632FDFCE7BBAE2B /* Resources */ = {
			isa = PBXResourcesBuildPhase;
			buildActionMask = 2147483647;
			files = (
				F4E864CF95DCFFEAE8FD5126 /* Pets in Resources */,
				180C3DE8D65E0026248FF452 /* ContentBlocker in Resources */,
				7BA94A03EEA39335ADC900B6 /* Assets.xcassets in Resources */,
				1A9433E8D301E3B724376284 /* THIRD_PARTY_NOTICES.md in Resources */,
				781CCA1E0322DE9CA6D905E7 /* libssh2-COPYING in Resources */,
				835B3F821F5EBA1901FE13C4 /* openssl-LICENSE.txt in Resources */,
				A1F801032B700001A1F80103 /* D2Coding-Ver1.3.2-20180524.ttf in Resources */,
				A1F801052B700001A1F80105 /* D2Coding-OFL.txt in Resources */,
			);
			runOnlyForDeploymentPostprocessing = 0;
		};
		EFDEEC9AF46EA25230C2D749 /* Resources */ = {
			isa = PBXResourcesBuildPhase;
			buildActionMask = 2147483647;
			files = (
			);
			runOnlyForDeploymentPostprocessing = 0;
		};
/* End PBXResourcesBuildPhase section */

/* Begin PBXSourcesBuildPhase section */
		5309A32764C35037AC48FAE8 /* Sources */ = {
			isa = PBXSourcesBuildPhase;
			buildActionMask = 2147483647;
			files = (
				8322382B383EE92DE7D380EB /* AddressDisplay.swift in Sources */,
				5E9B42A2799BB5BF84CE58B0 /* BrowserAI.swift in Sources */,
				BC5076BC9F191FA1031FA4E6 /* BrowserComponents.swift in Sources */,
				A07A5904EE1567DB217EEE98 /* BrowserDomain.swift in Sources */,
				5998640A18B10DA181C14BA7 /* BrowserFeatureSheets.swift in Sources */,
				DA27A3A7CBEAF4816FCA53B3 /* BrowserIntentRouter.swift in Sources */,
				540C355E1F315D5E8F774F66 /* BrowserIntents.swift in Sources */,
				D6C9FD15946912A2A355A52B /* BrowserManagementSheet.swift in Sources */,
				0DA043A90F08CBE37E1C2A35 /* BrowserPetDomain.swift in Sources */,
				09ECA2DB81AE1248DBE2CB33 /* BrowserPetViews.swift in Sources */,
				4F361B5A1DC8F4E577FBCB18 /* BrowserServices.swift in Sources */,
				5DD29BE246AED50A710FD781 /* BrowserSession.swift in Sources */,
				24B1FCE4230D316B6DFE61BC /* BrowserSidebar.swift in Sources */,
				4649CBBF64852D190FC0EE07 /* BrowserTheme.swift in Sources */,
				7C77B7AE9F3E9E4FDF678C6D /* BrowserURL.swift in Sources */,
				F1628E4C21E47AAE14167BC2 /* BrowserView.swift in Sources */,
				209906C0E68E95207C1BC91B /* CodexPetGallery.swift in Sources */,
				BC6C70C23134A5431872EF44 /* CommandPalette.swift in Sources */,
				537EA4703146E7DB963574BE /* CompactCommandBar.swift in Sources */,
				5F16D2C699A70700E0060E3F /* DeveloperConsoleSelection.swift in Sources */,
				80335020916F73EF6F02428D /* GlassStyle.swift in Sources */,
				83786707C97DC8BE9D0790B3 /* IslandChrome.swift in Sources */,
				CE2047EA2DC073307E831A38 /* KeychainSSHProfileVault.swift in Sources */,
				B62E5D894713143F4FDD686E /* LibSSH2ConnectionEngine.swift in Sources */,
				039AD4EA3F8D2FD7584C73F3 /* PetPackageInstaller.swift in Sources */,
				F2B443F6EA7BED1C7C06E301 /* PetScraps.swift in Sources */,
				4D03E1EE72A15CF608AFE854 /* RetoBrowserApp.swift in Sources */,
				EE1CE198413525383F238C68 /* SSHCommandRunner.swift in Sources */,
				8B714BB8AECF8083A012CFB6 /* SSHConnectionEngine.swift in Sources */,
				3F86F42E784950B99354CDAF /* StartPage.swift in Sources */,
				2D726D464AD6630E00C948F9 /* TabOverviewStrip.swift in Sources */,
				D7D8EE8995B180832241C65D /* TerminalDomain.swift in Sources */,
				A1F801012B700001A1F80101 /* TerminalPreferences.swift in Sources */,
				0EC376402A7B0B8BCB3F23D7 /* TerminalViews.swift in Sources */,
				930755158884CEFFF0109988 /* TerminalWorkspaceStore.swift in Sources */,
				0ED269499E57DAD547B77C15 /* TmuxDiscovery.swift in Sources */,
				C43730DA812C63BFAB634E55 /* TmuxSessionBrowserView.swift in Sources */,
				C2C0B2E367D8938BCE721F54 /* WorkspaceBrowserStore.swift in Sources */,
				10BE6616AF00AF5D97AB7993 /* WorkspaceCanvas.swift in Sources */,
			);
			runOnlyForDeploymentPostprocessing = 0;
		};
		8ED77868AE81A68F26C08AA5 /* Sources */ = {
			isa = PBXSourcesBuildPhase;
			buildActionMask = 2147483647;
			files = (
				EECA8E81E43E6BEF947F81BF /* AppleTerminalView.swift in Sources */,
				9C38B1A0F4D0A55E1BC90EC1 /* BlockElementRenderer.swift in Sources */,
				D5B380475E73A0F69285D5BE /* BoxDrawingRenderer.swift in Sources */,
				CD3DFBA00439C3260BE3CDDF /* CaretView.swift in Sources */,
				96DC3ACD11CC770915031CD9 /* Extensions.swift in Sources */,
				E5A1B4D3CD2D9B0781011C30 /* CoreTextGlyphRasterizer.swift in Sources */,
				DFA06E934336FE1D2840ECE2 /* GlyphAtlas.swift in Sources */,
				036162043049C999AFA8F132 /* MetalBufferingMode.swift in Sources */,
				48D43A4BA5CCC87FAD58A4F5 /* MetalError.swift in Sources */,
				7F6EC3C881C516D46E46DD86 /* MetalTerminalRenderer.swift in Sources */,
				404F4C03BFA80564EDB2149C /* TerminalProgressBarView.swift in Sources */,
				09130AA79B13CABC8182A612 /* TerminalViewDelegate.swift in Sources */,
				DB39621335AB728B534C16C1 /* Buffer.swift in Sources */,
				9E92D7825A65915A622DC512 /* BufferLine.swift in Sources */,
				EFD9E66B4C5F396A291A5082 /* BufferSet.swift in Sources */,
				E7377A487C4412E66415EB58 /* CharData.swift in Sources */,
				562EDE2FB4283A364679E80C /* CharSets.swift in Sources */,
				F0F8A044EC324CED8444170C /* CircularList.swift in Sources */,
				42426C2B36499B97C6D65E33 /* Colors.swift in Sources */,
				666F9ABBDB636D2FA1A9DD4D /* EscapeSequenceParser.swift in Sources */,
				CE07942FBE109AA31847C68F /* EscapeSequences.swift in Sources */,
				0D7EB0989E6C985297698E4D /* ExtensionsTerminal.swift in Sources */,
				D5F5F582FDF07AF83E0191E6 /* File.swift in Sources */,
				46315B3BD4AFE8600173EDF4 /* HeadlessTerminal.swift in Sources */,
				7A366BF1523297A52C117312 /* KittyGraphics.swift in Sources */,
				72FCEB6A947778E538C3DE33 /* KittyKeyboardEncoder.swift in Sources */,
				7F5268FDFC0DCB25587A9324 /* KittyKeyboardProtocol.swift in Sources */,
				A534FA803B887D551A153DA1 /* KittyPlaceholder.swift in Sources */,
				F6E8C3F784FC4C043C89B5F2 /* Line.swift in Sources */,
				FAAA20FBC2F95D5D3DF54B82 /* LocalProcess.swift in Sources */,
				96B34DBB6075BA229461D2FC /* MacAccessibilityService.swift in Sources */,
				BE07645CEE951325C88B0CF4 /* Position.swift in Sources */,
				8AD7CB5911C977527CAB9CFF /* Pty.swift in Sources */,
				36E23F3B9E7CFCB6AB70A4BE /* SearchEngine.swift in Sources */,
				4CDC91C7551479020AEDCAFD /* SearchLineCache.swift in Sources */,
				7E20F38FC8510BC542EA8952 /* SearchOptions.swift in Sources */,
				4D6D16534371870A0227AAAA /* SearchService.swift in Sources */,
				BE0CEB387A80F334760B236B /* SearchState.swift in Sources */,
				765F1EB7C954337BEE6E61E2 /* SelectionService.swift in Sources */,
				15AF014114203299D1468A93 /* SixelDcsHandler.swift in Sources */,
				2E10FCB5593192C67AF09C8D /* SyncDebug.swift in Sources */,
				BC1191406F6CC64D7B4BA9B0 /* Terminal.swift in Sources */,
				863D6B2452E354BC3D5B3D5F /* TerminalOptions.swift in Sources */,
				A883CEEDF1DD3AC875EB287D /* TerminalViewSearch.swift in Sources */,
				FAB57D81C95CEFAF4A1F4AB0 /* UnicodeWidthData.swift in Sources */,
				462B790664DDA859492EE94E /* Utilities.swift in Sources */,
				4A9E545EF20E6C7DC6930D8F /* SwiftTermHangulInput.swift in Sources */,
				3C91DAF19509F4DEA606CA3D /* SwiftUITerminalView.swift in Sources */,
				CD1EE2EB9CB4B8F3E3DC62D9 /* iOSAccessoryView.swift in Sources */,
				70BF441CB955888F1234E70B /* iOSCaretView.swift in Sources */,
				4CB5011CF2E36DDB6CE25782 /* iOSDoubleButton.swift in Sources */,
				F2AD1C34C8D16E8B7D4146C2 /* iOSExtensions.swift in Sources */,
				3966CFF8B70C1C7B8925B08E /* iOSKeyboardView.swift in Sources */,
				ABC320191463BCA6904E49B4 /* iOSTerminalView.swift in Sources */,
				AFB499E444FB274767DD5CF8 /* iOSTextInput.swift in Sources */,
				EBE67772EDC25FEDAD41ADB6 /* iOSTextStorage.swift in Sources */,
			);
			runOnlyForDeploymentPostprocessing = 0;
		};
		EB83CAA8A0C78FD6A7C54D2D /* Sources */ = {
			isa = PBXSourcesBuildPhase;
			buildActionMask = 2147483647;
			files = (
				8991A8E8862EAA925FD96030 /* AddressDisplayTests.swift in Sources */,
				F6E7860B3467F7E4EDE0BC71 /* BrowserAIStoreTests.swift in Sources */,
				13F04ED13475D8A2E6123D02 /* BrowserPetStoreTests.swift in Sources */,
				D201F18F4354728D9E23B9D8 /* BrowserURLTests.swift in Sources */,
				D6DFD1374EF934C1F4A269B2 /* ContentBlockerTests.swift in Sources */,
				1EE541278832B3BC44A8DB50 /* DeveloperConsoleSelectionTests.swift in Sources */,
				1F2D5C44841E344241ABA9DB /* PetPackageInstallerTests.swift in Sources */,
				A973E0EFB7BA4870B3DAC5C3 /* PetScrapsTests.swift in Sources */,
				AD2140D919333F9AF32BDE54 /* SSHIntegrationTests.swift in Sources */,
				7A300BA510AEC3A4FA64906E /* TabOverviewLayoutTests.swift in Sources */,
				1628DADC827F75217EF0CDBD /* TerminalDomainTests.swift in Sources */,
				272AFE1848030117CC6DE28A /* TerminalWorkspaceStoreTests.swift in Sources */,
				F41E5D4673535EE2AFFBB317 /* TmuxDiscoveryTests.swift in Sources */,
				1D3188D0864573F60BF88A50 /* WorkspaceBrowserStoreTests.swift in Sources */,
			);
			runOnlyForDeploymentPostprocessing = 0;
		};
/* End PBXSourcesBuildPhase section */

/* Begin PBXTargetDependency section */
		8462BBEC5D29807A73739C50 /* PBXTargetDependency */ = {
			isa = PBXTargetDependency;
			name = SwiftTerm;
			target = 880666362929DCFE3B1E3069 /* SwiftTerm */;
			targetProxy = DC2398E99887DD838FF66EAE /* PBXContainerItemProxy */;
		};
		B8716C45DF1DD4AD93B3B78D /* PBXTargetDependency */ = {
			isa = PBXTargetDependency;
			name = RetoBrowser;
			target = 2468BB31F3BA858FB44F48FB /* RetoBrowser */;
			targetProxy = C6A54164F6B22A341A4D2E68 /* PBXContainerItemProxy */;
		};
/* End PBXTargetDependency section */

/* Begin XCBuildConfiguration section */
		170A3D7EC26209E5DE994770 /* Release */ = {
			isa = XCBuildConfiguration;
			buildSettings = {
				BUNDLE_LOADER = "$(TEST_HOST)";
				CLANG_ENABLE_OBJC_WEAK = NO;
				GENERATE_INFOPLIST_FILE = YES;
				IPHONEOS_DEPLOYMENT_TARGET = 26.0;
				PRODUCT_BUNDLE_IDENTIFIER = dev.modot.RetoBrowserTests;
				SDKROOT = iphoneos;
				SWIFT_STRICT_CONCURRENCY = complete;
				SWIFT_VERSION = 6.0;
				TEST_HOST = "$(BUILT_PRODUCTS_DIR)/RetoBrowser.app/$(BUNDLE_EXECUTABLE_FOLDER_PATH)/RetoBrowser";
				VALIDATE_PRODUCT = YES;
			};
			name = Release;
		};
		4E7875264FDEF110B0FD197D /* Debug */ = {
			isa = XCBuildConfiguration;
			buildSettings = {
				BUNDLE_LOADER = "$(TEST_HOST)";
				CLANG_ENABLE_OBJC_WEAK = NO;
				GENERATE_INFOPLIST_FILE = YES;
				IPHONEOS_DEPLOYMENT_TARGET = 26.0;
				PRODUCT_BUNDLE_IDENTIFIER = dev.modot.RetoBrowserTests;
				SDKROOT = iphoneos;
				SWIFT_STRICT_CONCURRENCY = complete;
				SWIFT_VERSION = 6.0;
				TEST_HOST = "$(BUILT_PRODUCTS_DIR)/RetoBrowser.app/$(BUNDLE_EXECUTABLE_FOLDER_PATH)/RetoBrowser";
			};
			name = Debug;
		};
		628E6E0E4E483BA920DD8B29 /* Debug */ = {
			isa = XCBuildConfiguration;
			buildSettings = {
				ALWAYS_SEARCH_USER_PATHS = NO;
				CLANG_ANALYZER_NONNULL = YES;
				CLANG_ANALYZER_NUMBER_OBJECT_CONVERSION = YES_AGGRESSIVE;
				CLANG_CXX_LANGUAGE_STANDARD = "gnu++14";
				CLANG_CXX_LIBRARY = "libc++";
				CLANG_ENABLE_MODULES = YES;
				CLANG_ENABLE_OBJC_ARC = YES;
				CLANG_ENABLE_OBJC_WEAK = YES;
				CLANG_WARN_BLOCK_CAPTURE_AUTORELEASING = YES;
				CLANG_WARN_BOOL_CONVERSION = YES;
				CLANG_WARN_COMMA = YES;
				CLANG_WARN_CONSTANT_CONVERSION = YES;
				CLANG_WARN_DEPRECATED_OBJC_IMPLEMENTATIONS = YES;
				CLANG_WARN_DIRECT_OBJC_ISA_USAGE = YES_ERROR;
				CLANG_WARN_DOCUMENTATION_COMMENTS = YES;
				CLANG_WARN_EMPTY_BODY = YES;
				CLANG_WARN_ENUM_CONVERSION = YES;
				CLANG_WARN_INFINITE_RECURSION = YES;
				CLANG_WARN_INT_CONVERSION = YES;
				CLANG_WARN_NON_LITERAL_NULL_CONVERSION = YES;
				CLANG_WARN_OBJC_IMPLICIT_RETAIN_SELF = YES;
				CLANG_WARN_OBJC_LITERAL_CONVERSION = YES;
				CLANG_WARN_OBJC_ROOT_CLASS = YES_ERROR;
				CLANG_WARN_QUOTED_INCLUDE_IN_FRAMEWORK_HEADER = YES;
				CLANG_WARN_RANGE_LOOP_ANALYSIS = YES;
				CLANG_WARN_STRICT_PROTOTYPES = YES;
				CLANG_WARN_SUSPICIOUS_MOVE = YES;
				CLANG_WARN_UNGUARDED_AVAILABILITY = YES_AGGRESSIVE;
				CLANG_WARN_UNREACHABLE_CODE = YES;
				CLANG_WARN__DUPLICATE_METHOD_MATCH = YES;
				COPY_PHASE_STRIP = NO;
				DEBUG_INFORMATION_FORMAT = dwarf;
				ENABLE_STRICT_OBJC_MSGSEND = YES;
				ENABLE_TESTABILITY = YES;
				GCC_C_LANGUAGE_STANDARD = gnu11;
				GCC_DYNAMIC_NO_PIC = NO;
				GCC_NO_COMMON_BLOCKS = YES;
				GCC_OPTIMIZATION_LEVEL = 0;
				GCC_PREPROCESSOR_DEFINITIONS = (
					"DEBUG=1",
					"$(inherited)",
				);
				GCC_WARN_64_TO_32_BIT_CONVERSION = YES;
				GCC_WARN_ABOUT_RETURN_TYPE = YES_ERROR;
				GCC_WARN_UNDECLARED_SELECTOR = YES;
				GCC_WARN_UNINITIALIZED_AUTOS = YES_AGGRESSIVE;
				GCC_WARN_UNUSED_FUNCTION = YES;
				GCC_WARN_UNUSED_VARIABLE = YES;
				MTL_ENABLE_DEBUG_INFO = INCLUDE_SOURCE;
				MTL_FAST_MATH = YES;
				ONLY_ACTIVE_ARCH = YES;
				PRODUCT_NAME = "$(TARGET_NAME)";
				SWIFT_ACTIVE_COMPILATION_CONDITIONS = DEBUG;
				SWIFT_OPTIMIZATION_LEVEL = "-Onone";
				SWIFT_VERSION = 5.0;
			};
			name = Debug;
		};
		914E2C2F24D2BBCACDC3C8C1 /* Release */ = {
			isa = XCBuildConfiguration;
			buildSettings = {
				ALWAYS_SEARCH_USER_PATHS = NO;
				CLANG_ANALYZER_NONNULL = YES;
				CLANG_ANALYZER_NUMBER_OBJECT_CONVERSION = YES_AGGRESSIVE;
				CLANG_CXX_LANGUAGE_STANDARD = "gnu++14";
				CLANG_CXX_LIBRARY = "libc++";
				CLANG_ENABLE_MODULES = YES;
				CLANG_ENABLE_OBJC_ARC = YES;
				CLANG_ENABLE_OBJC_WEAK = YES;
				CLANG_WARN_BLOCK_CAPTURE_AUTORELEASING = YES;
				CLANG_WARN_BOOL_CONVERSION = YES;
				CLANG_WARN_COMMA = YES;
				CLANG_WARN_CONSTANT_CONVERSION = YES;
				CLANG_WARN_DEPRECATED_OBJC_IMPLEMENTATIONS = YES;
				CLANG_WARN_DIRECT_OBJC_ISA_USAGE = YES_ERROR;
				CLANG_WARN_DOCUMENTATION_COMMENTS = YES;
				CLANG_WARN_EMPTY_BODY = YES;
				CLANG_WARN_ENUM_CONVERSION = YES;
				CLANG_WARN_INFINITE_RECURSION = YES;
				CLANG_WARN_INT_CONVERSION = YES;
				CLANG_WARN_NON_LITERAL_NULL_CONVERSION = YES;
				CLANG_WARN_OBJC_IMPLICIT_RETAIN_SELF = YES;
				CLANG_WARN_OBJC_LITERAL_CONVERSION = YES;
				CLANG_WARN_OBJC_ROOT_CLASS = YES_ERROR;
				CLANG_WARN_QUOTED_INCLUDE_IN_FRAMEWORK_HEADER = YES;
				CLANG_WARN_RANGE_LOOP_ANALYSIS = YES;
				CLANG_WARN_STRICT_PROTOTYPES = YES;
				CLANG_WARN_SUSPICIOUS_MOVE = YES;
				CLANG_WARN_UNGUARDED_AVAILABILITY = YES_AGGRESSIVE;
				CLANG_WARN_UNREACHABLE_CODE = YES;
				CLANG_WARN__DUPLICATE_METHOD_MATCH = YES;
				COPY_PHASE_STRIP = NO;
				DEBUG_INFORMATION_FORMAT = "dwarf-with-dsym";
				ENABLE_NS_ASSERTIONS = NO;
				ENABLE_STRICT_OBJC_MSGSEND = YES;
				GCC_C_LANGUAGE_STANDARD = gnu11;
				GCC_NO_COMMON_BLOCKS = YES;
				GCC_WARN_64_TO_32_BIT_CONVERSION = YES;
				GCC_WARN_ABOUT_RETURN_TYPE = YES_ERROR;
				GCC_WARN_UNDECLARED_SELECTOR = YES;
				GCC_WARN_UNINITIALIZED_AUTOS = YES_AGGRESSIVE;
				GCC_WARN_UNUSED_FUNCTION = YES;
				GCC_WARN_UNUSED_VARIABLE = YES;
				MTL_ENABLE_DEBUG_INFO = NO;
				MTL_FAST_MATH = YES;
				PRODUCT_NAME = "$(TARGET_NAME)";
				SWIFT_COMPILATION_MODE = wholemodule;
				SWIFT_OPTIMIZATION_LEVEL = "-O";
				SWIFT_VERSION = 5.0;
			};
			name = Release;
		};
		968542A4B8D566E4623FD8E8 /* Debug */ = {
			isa = XCBuildConfiguration;
			buildSettings = {
				CLANG_ENABLE_OBJC_WEAK = NO;
				CURRENT_PROJECT_VERSION = 1;
				DEFINES_MODULE = YES;
				DYLIB_COMPATIBILITY_VERSION = 1;
				DYLIB_CURRENT_VERSION = 1;
				DYLIB_INSTALL_NAME_BASE = "@rpath";
				GENERATE_INFOPLIST_FILE = YES;
				INSTALL_PATH = "$(LOCAL_LIBRARY_DIR)/Frameworks";
				IPHONEOS_DEPLOYMENT_TARGET = 14.0;
				LD_RUNPATH_SEARCH_PATHS = (
					"$(inherited)",
					"@executable_path/Frameworks",
					"@loader_path/Frameworks",
				);
				MACH_O_TYPE = staticlib;
				PRODUCT_BUNDLE_IDENTIFIER = dev.modot.SwiftTerm;
				PRODUCT_NAME = "$(TARGET_NAME:c99extidentifier)";
				SDKROOT = iphoneos;
				SKIP_INSTALL = YES;
				SWIFT_STRICT_CONCURRENCY = minimal;
				SWIFT_SUPPRESS_WARNINGS = YES;
				SWIFT_VERSION = 5.0;
				TARGETED_DEVICE_FAMILY = "1,2";
				VERSIONING_SYSTEM = "apple-generic";
				VERSION_INFO_PREFIX = "";
			};
			name = Debug;
		};
		9814AA35909174FB5F81C1EA /* Release */ = {
			isa = XCBuildConfiguration;
			buildSettings = {
				ASSETCATALOG_COMPILER_APPICON_NAME = AppIcon;
				ASSETCATALOG_COMPILER_GENERATE_SWIFT_ASSET_SYMBOL_EXTENSIONS = YES;
				ASSETCATALOG_COMPILER_GLOBAL_ACCENT_COLOR_NAME = AccentColor;
				CLANG_ENABLE_OBJC_WEAK = NO;
				"CODE_SIGN_IDENTITY[sdk=iphoneos*]" = "iPhone Distribution";
				CODE_SIGN_STYLE = Manual;
				CURRENT_PROJECT_VERSION = 2;
				DEVELOPMENT_TEAM = "";
				"DEVELOPMENT_TEAM[sdk=iphoneos*]" = Q3N5A977S4;
				ENABLE_PREVIEWS = YES;
				GENERATE_INFOPLIST_FILE = NO;
				INFOPLIST_FILE = Resources/Info.plist;
				IPHONEOS_DEPLOYMENT_TARGET = 26.0;
				LD_RUNPATH_SEARCH_PATHS = (
					"$(inherited)",
					"@executable_path/Frameworks",
				);
				MARKETING_VERSION = 1.0.1;
				PRODUCT_BUNDLE_IDENTIFIER = dev.modot.RetoBrowser;
				PRODUCT_NAME = "$(TARGET_NAME)";
				PROVISIONING_PROFILE_SPECIFIER = "";
				"PROVISIONING_PROFILE_SPECIFIER[sdk=iphoneos*]" = "Reto Browser App Store";
				SDKROOT = iphoneos;
				SWIFT_STRICT_CONCURRENCY = complete;
				SWIFT_VERSION = 6.0;
				TARGETED_DEVICE_FAMILY = "1,2";
				VALIDATE_PRODUCT = YES;
			};
			name = Release;
		};
		D4023E5E0AEC1012E9A798D2 /* Release */ = {
			isa = XCBuildConfiguration;
			buildSettings = {
				CLANG_ENABLE_OBJC_WEAK = NO;
				CURRENT_PROJECT_VERSION = 1;
				DEFINES_MODULE = YES;
				DYLIB_COMPATIBILITY_VERSION = 1;
				DYLIB_CURRENT_VERSION = 1;
				DYLIB_INSTALL_NAME_BASE = "@rpath";
				GENERATE_INFOPLIST_FILE = YES;
				INSTALL_PATH = "$(LOCAL_LIBRARY_DIR)/Frameworks";
				IPHONEOS_DEPLOYMENT_TARGET = 14.0;
				LD_RUNPATH_SEARCH_PATHS = (
					"$(inherited)",
					"@executable_path/Frameworks",
					"@loader_path/Frameworks",
				);
				MACH_O_TYPE = staticlib;
				PRODUCT_BUNDLE_IDENTIFIER = dev.modot.SwiftTerm;
				PRODUCT_NAME = "$(TARGET_NAME:c99extidentifier)";
				SDKROOT = iphoneos;
				SKIP_INSTALL = YES;
				SWIFT_STRICT_CONCURRENCY = minimal;
				SWIFT_SUPPRESS_WARNINGS = YES;
				SWIFT_VERSION = 5.0;
				TARGETED_DEVICE_FAMILY = "1,2";
				VALIDATE_PRODUCT = YES;
				VERSIONING_SYSTEM = "apple-generic";
				VERSION_INFO_PREFIX = "";
			};
			name = Release;
		};
		F40F27938CC9B15E8B2B7BE5 /* Debug */ = {
			isa = XCBuildConfiguration;
			buildSettings = {
				ASSETCATALOG_COMPILER_APPICON_NAME = AppIcon;
				ASSETCATALOG_COMPILER_GENERATE_SWIFT_ASSET_SYMBOL_EXTENSIONS = YES;
				ASSETCATALOG_COMPILER_GLOBAL_ACCENT_COLOR_NAME = AccentColor;
				CLANG_ENABLE_OBJC_WEAK = NO;
				CURRENT_PROJECT_VERSION = 2;
				DEVELOPMENT_TEAM = Q3N5A977S4;
				ENABLE_PREVIEWS = YES;
				GENERATE_INFOPLIST_FILE = NO;
				INFOPLIST_FILE = Resources/Info.plist;
				IPHONEOS_DEPLOYMENT_TARGET = 26.0;
				LD_RUNPATH_SEARCH_PATHS = (
					"$(inherited)",
					"@executable_path/Frameworks",
				);
				MARKETING_VERSION = 1.0.1;
				PRODUCT_BUNDLE_IDENTIFIER = dev.modot.RetoBrowser;
				PRODUCT_NAME = "$(TARGET_NAME)";
				SDKROOT = iphoneos;
				SWIFT_STRICT_CONCURRENCY = complete;
				SWIFT_VERSION = 6.0;
				TARGETED_DEVICE_FAMILY = "1,2";
			};
			name = Debug;
		};
/* End XCBuildConfiguration section */

/* Begin XCConfigurationList section */
		51C156967D26C5E06495BD99 /* Build configuration list for PBXNativeTarget "RetoBrowserTests" */ = {
			isa = XCConfigurationList;
			buildConfigurations = (
				170A3D7EC26209E5DE994770 /* Release */,
				4E7875264FDEF110B0FD197D /* Debug */,
			);
			defaultConfigurationIsVisible = 0;
			defaultConfigurationName = Release;
		};
		714C92F8AC59A5BCAD3CB187 /* Build configuration list for PBXNativeTarget "SwiftTerm" */ = {
			isa = XCConfigurationList;
			buildConfigurations = (
				D4023E5E0AEC1012E9A798D2 /* Release */,
				968542A4B8D566E4623FD8E8 /* Debug */,
			);
			defaultConfigurationIsVisible = 0;
			defaultConfigurationName = Release;
		};
		7780B4FB0B40813B1AE1475A /* Build configuration list for PBXNativeTarget "RetoBrowser" */ = {
			isa = XCConfigurationList;
			buildConfigurations = (
				9814AA35909174FB5F81C1EA /* Release */,
				F40F27938CC9B15E8B2B7BE5 /* Debug */,
			);
			defaultConfigurationIsVisible = 0;
			defaultConfigurationName = Release;
		};
		EE869D8187E99546848B3FF2 /* Build configuration list for PBXProject "RetoBrowser" */ = {
			isa = XCConfigurationList;
			buildConfigurations = (
				628E6E0E4E483BA920DD8B29 /* Debug */,
				914E2C2F24D2BBCACDC3C8C1 /* Release */,
			);
			defaultConfigurationIsVisible = 0;
			defaultConfigurationName = Release;
		};
/* End XCConfigurationList section */

/* Begin XCRemoteSwiftPackageReference section */
		2580CF28E79F1A7773A1391E /* XCRemoteSwiftPackageReference "swift-nio" */ = {
			isa = XCRemoteSwiftPackageReference;
			repositoryURL = "https://github.com/apple/swift-nio.git";
			requirement = {
				kind = upToNextMajorVersion;
				minimumVersion = 2.81.0;
			};
		};
		3B6B0E1D8897868BBAC0692B /* XCRemoteSwiftPackageReference "swift-nio-ssh" */ = {
			isa = XCRemoteSwiftPackageReference;
			repositoryURL = "https://github.com/Wellz26/swift-nio-ssh.git";
			requirement = {
				kind = exactVersion;
				version = 0.3.4;
			};
		};
		DA622D74087C6B06ED4C5F57 /* XCRemoteSwiftPackageReference "Citadel" */ = {
			isa = XCRemoteSwiftPackageReference;
			repositoryURL = "https://github.com/orlandos-nl/Citadel.git";
			requirement = {
				kind = exactVersion;
				version = 0.12.1;
			};
		};
/* End XCRemoteSwiftPackageReference section */

/* Begin XCSwiftPackageProductDependency section */
		09B8A425AB7709AFDA1BAE24 /* NIOSSH */ = {
			isa = XCSwiftPackageProductDependency;
			package = 3B6B0E1D8897868BBAC0692B /* XCRemoteSwiftPackageReference "swift-nio-ssh" */;
			productName = NIOSSH;
		};
		1EB5242642996E2916F0929E /* Citadel */ = {
			isa = XCSwiftPackageProductDependency;
			package = DA622D74087C6B06ED4C5F57 /* XCRemoteSwiftPackageReference "Citadel" */;
			productName = Citadel;
		};
		C6D142646118722FABC1C571 /* NIOCore */ = {
			isa = XCSwiftPackageProductDependency;
			package = 2580CF28E79F1A7773A1391E /* XCRemoteSwiftPackageReference "swift-nio" */;
			productName = NIOCore;
		};
/* End XCSwiftPackageProductDependency section */
	};
	rootObject = 03B86ABABAF1BA591541E31A /* Project object */;
}
